// !$*UTF8*$!
{
	archiveVersion = 1;
	classes = {
	};
	objectVersion = 52;
	objects = {

/* Begin PBXBuildFile section */
		1D60589B0D05DD56006BFB54 /* main.m in Sources */ = {isa = PBXBuildFile; fileRef = 29B97316FDCFA39411CA2CEA /* main.m */; };
		362139491DF6062A0007CC46 /* CoreData.framework in Frameworks */ = {isa = PBXBuildFile; fileRef = 362139481DF6062A0007CC46 /* CoreData.framework */; };
		362883121BDAD1D00053628A /* Launch Screen.storyboard in Resources */ = {isa = PBXBuildFile; fileRef = 362883111BDAD1D00053628A /* Launch Screen.storyboard */; };
		362E44EA232E9E740001BA3F /* speaker_low_white.png in Resources */ = {isa = PBXBuildFile; fileRef = 362E44E8232E9E730001BA3F /* speaker_low_white.png */; };
		362E44EB232E9E740001BA3F /* speaker_high_white.png in Resources */ = {isa = PBXBuildFile; fileRef = 362E44E9232E9E740001BA3F /* speaker_high_white.png */; };
		362E44F0232F80160001BA3F /* speaker_low_white@2x.png in Resources */ = {isa = PBXBuildFile; fileRef = 362E44EC232F80130001BA3F /* speaker_low_white@2x.png */; };
		362E44F1232F80160001BA3F /* speaker_high_white@3x.png in Resources */ = {isa = PBXBuildFile; fileRef = 362E44ED232F80140001BA3F /* speaker_high_white@3x.png */; };
		362E44F2232F80160001BA3F /* speaker_high_white@2x.png in Resources */ = {isa = PBXBuildFile; fileRef = 362E44EE232F80150001BA3F /* speaker_high_white@2x.png */; };
		362E44F3232F80160001BA3F /* speaker_low_white@3x.png in Resources */ = {isa = PBXBuildFile; fileRef = 362E44EF232F80160001BA3F /* speaker_low_white@3x.png */; };
		363694971F1D623500E63895 /* audioplaylistpro_category2.plist in Resources */ = {isa = PBXBuildFile; fileRef = 363694941F1D623500E63895 /* audioplaylistpro_category2.plist */; };
		363694981F1D623500E63895 /* audioplaylistpro_category3.plist in Resources */ = {isa = PBXBuildFile; fileRef = 363694951F1D623500E63895 /* audioplaylistpro_category3.plist */; };
		363694991F1D623500E63895 /* audioplaylistpro_category1.plist in Resources */ = {isa = PBXBuildFile; fileRef = 363694961F1D623500E63895 /* audioplaylistpro_category1.plist */; };
		364892661E0BF55C0079F332 /* share.png in Resources */ = {isa = PBXBuildFile; fileRef = 364892631E0BF55C0079F332 /* share.png */; };
		364892671E0BF55C0079F332 /* share@2x.png in Resources */ = {isa = PBXBuildFile; fileRef = 364892641E0BF55C0079F332 /* share@2x.png */; };
		364892681E0BF55C0079F332 /* share@3x.png in Resources */ = {isa = PBXBuildFile; fileRef = 364892651E0BF55C0079F332 /* share@3x.png */; };
		3650CCBC25E429C2009684E4 /* nanopb.xcframework in Frameworks */ = {isa = PBXBuildFile; fileRef = 3650CCB625E429C1009684E4 /* nanopb.xcframework */; };
		3650CCBD25E429C2009684E4 /* GoogleUtilities.xcframework in Frameworks */ = {isa = PBXBuildFile; fileRef = 3650CCB725E429C1009684E4 /* GoogleUtilities.xcframework */; };
		3650CCBE25E429C2009684E4 /* PromisesObjC.xcframework in Frameworks */ = {isa = PBXBuildFile; fileRef = 3650CCB825E429C2009684E4 /* PromisesObjC.xcframework */; };
		3650CCBF25E429C2009684E4 /* GoogleAppMeasurement.xcframework in Frameworks */ = {isa = PBXBuildFile; fileRef = 3650CCB925E429C2009684E4 /* GoogleAppMeasurement.xcframework */; };
		3650CCC025E429C2009684E4 /* GoogleMobileAds.xcframework in Frameworks */ = {isa = PBXBuildFile; fileRef = 3650CCBA25E429C2009684E4 /* GoogleMobileAds.xcframework */; };
		3650CCC125E429C2009684E4 /* UserMessagingPlatform.xcframework in Frameworks */ = {isa = PBXBuildFile; fileRef = 3650CCBB25E429C2009684E4 /* UserMessagingPlatform.xcframework */; };
		365221641C98BAA60061AD3E /* AdSupport.framework in Frameworks */ = {isa = PBXBuildFile; fileRef = 641D5F211864C47E00383568 /* AdSupport.framework */; };
		365221661C98BAB50061AD3E /* CoreMotion.framework in Frameworks */ = {isa = PBXBuildFile; fileRef = 365221651C98BAB50061AD3E /* CoreMotion.framework */; };
		36532A651DD248AB006FBDA6 /* about.png in Resources */ = {isa = PBXBuildFile; fileRef = 36532A321DD248AB006FBDA6 /* about.png */; };
		36532A661DD248AB006FBDA6 /* about@2x.png in Resources */ = {isa = PBXBuildFile; fileRef = 36532A331DD248AB006FBDA6 /* about@2x.png */; };
		36532A671DD248AB006FBDA6 /* about@3x.png in Resources */ = {isa = PBXBuildFile; fileRef = 36532A341DD248AB006FBDA6 /* about@3x.png */; };
		36532A681DD248AB006FBDA6 /* bufferingbg.png in Resources */ = {isa = PBXBuildFile; fileRef = 36532A351DD248AB006FBDA6 /* bufferingbg.png */; };
		36532A691DD248AB006FBDA6 /* bufferingbg@2x.png in Resources */ = {isa = PBXBuildFile; fileRef = 36532A361DD248AB006FBDA6 /* bufferingbg@2x.png */; };
		36532A6A1DD248AB006FBDA6 /* chevron.png in Resources */ = {isa = PBXBuildFile; fileRef = 36532A371DD248AB006FBDA6 /* chevron.png */; };
		36532A6B1DD248AB006FBDA6 /* chevron@2x.png in Resources */ = {isa = PBXBuildFile; fileRef = 36532A381DD248AB006FBDA6 /* chevron@2x.png */; };
		36532A6C1DD248AB006FBDA6 /* chevron@3x.png in Resources */ = {isa = PBXBuildFile; fileRef = 36532A391DD248AB006FBDA6 /* chevron@3x.png */; };
		36532A731DD248AB006FBDA6 /* defaultalbum.png in Resources */ = {isa = PBXBuildFile; fileRef = 36532A401DD248AB006FBDA6 /* defaultalbum.png */; };
		36532A741DD248AB006FBDA6 /* defaultalbum@2x.png in Resources */ = {isa = PBXBuildFile; fileRef = 36532A411DD248AB006FBDA6 /* defaultalbum@2x.png */; };
		36532A751DD248AB006FBDA6 /* defaultalbum@3x.png in Resources */ = {isa = PBXBuildFile; fileRef = 36532A421DD248AB006FBDA6 /* defaultalbum@3x.png */; };
		36532A791DD248AB006FBDA6 /* facebooksel.png in Resources */ = {isa = PBXBuildFile; fileRef = 36532A461DD248AB006FBDA6 /* facebooksel.png */; };
		36532A7A1DD248AB006FBDA6 /* facebooksel@2x.png in Resources */ = {isa = PBXBuildFile; fileRef = 36532A471DD248AB006FBDA6 /* facebooksel@2x.png */; };
		36532A7B1DD248AB006FBDA6 /* facebooksel@3x.png in Resources */ = {isa = PBXBuildFile; fileRef = 36532A481DD248AB006FBDA6 /* facebooksel@3x.png */; };
		36532A7C1DD248AB006FBDA6 /* pausebtn.png in Resources */ = {isa = PBXBuildFile; fileRef = 36532A491DD248AB006FBDA6 /* pausebtn.png */; };
		36532A7D1DD248AB006FBDA6 /* pausebtn@2x.png in Resources */ = {isa = PBXBuildFile; fileRef = 36532A4A1DD248AB006FBDA6 /* pausebtn@2x.png */; };
		36532A7E1DD248AB006FBDA6 /* pausebtn@3x.png in Resources */ = {isa = PBXBuildFile; fileRef = 36532A4B1DD248AB006FBDA6 /* pausebtn@3x.png */; };
		36532A7F1DD248AB006FBDA6 /* playbtn.png in Resources */ = {isa = PBXBuildFile; fileRef = 36532A4C1DD248AB006FBDA6 /* playbtn.png */; };
		36532A801DD248AB006FBDA6 /* playbtn@2x.png in Resources */ = {isa = PBXBuildFile; fileRef = 36532A4D1DD248AB006FBDA6 /* playbtn@2x.png */; };
		36532A811DD248AB006FBDA6 /* playbtn@3x.png in Resources */ = {isa = PBXBuildFile; fileRef = 36532A4E1DD248AB006FBDA6 /* playbtn@3x.png */; };
		36532A821DD248AB006FBDA6 /* QuickAction_Station1@2x.png in Resources */ = {isa = PBXBuildFile; fileRef = 36532A4F1DD248AB006FBDA6 /* QuickAction_Station1@2x.png */; };
		36532A831DD248AB006FBDA6 /* QuickAction_Station1@3x.png in Resources */ = {isa = PBXBuildFile; fileRef = 36532A501DD248AB006FBDA6 /* QuickAction_Station1@3x.png */; };
		36532A841DD248AB006FBDA6 /* QuickAction_Station2@2x.png in Resources */ = {isa = PBXBuildFile; fileRef = 36532A511DD248AB006FBDA6 /* QuickAction_Station2@2x.png */; };
		36532A851DD248AB006FBDA6 /* QuickAction_Station2@3x.png in Resources */ = {isa = PBXBuildFile; fileRef = 36532A521DD248AB006FBDA6 /* QuickAction_Station2@3x.png */; };
		36532A861DD248AB006FBDA6 /* radio.png in Resources */ = {isa = PBXBuildFile; fileRef = 36532A531DD248AB006FBDA6 /* radio.png */; };
		36532A871DD248AB006FBDA6 /* radio@2x.png in Resources */ = {isa = PBXBuildFile; fileRef = 36532A541DD248AB006FBDA6 /* radio@2x.png */; };
		36532A881DD248AB006FBDA6 /* radio@3x.png in Resources */ = {isa = PBXBuildFile; fileRef = 36532A551DD248AB006FBDA6 /* radio@3x.png */; };
		36532A891DD248AB006FBDA6 /* slider_ball1.png in Resources */ = {isa = PBXBuildFile; fileRef = 36532A561DD248AB006FBDA6 /* slider_ball1.png */; };
		36532A8A1DD248AB006FBDA6 /* slider_ball1@2x.png in Resources */ = {isa = PBXBuildFile; fileRef = 36532A571DD248AB006FBDA6 /* slider_ball1@2x.png */; };
		36532A8B1DD248AB006FBDA6 /* slider_ball1@3x.png in Resources */ = {isa = PBXBuildFile; fileRef = 36532A581DD248AB006FBDA6 /* slider_ball1@3x.png */; };
		36532A8F1DD248AB006FBDA6 /* twittersel.png in Resources */ = {isa = PBXBuildFile; fileRef = 36532A5C1DD248AB006FBDA6 /* twittersel.png */; };
		36532A901DD248AB006FBDA6 /* twittersel@2x.png in Resources */ = {isa = PBXBuildFile; fileRef = 36532A5D1DD248AB006FBDA6 /* twittersel@2x.png */; };
		36532A911DD248AB006FBDA6 /* twittersel@3x.png in Resources */ = {isa = PBXBuildFile; fileRef = 36532A5E1DD248AB006FBDA6 /* twittersel@3x.png */; };
		36532A921DD248AB006FBDA6 /* volume_down.png in Resources */ = {isa = PBXBuildFile; fileRef = 36532A5F1DD248AB006FBDA6 /* volume_down.png */; };
		36532A931DD248AB006FBDA6 /* volume_down@2x.png in Resources */ = {isa = PBXBuildFile; fileRef = 36532A601DD248AB006FBDA6 /* volume_down@2x.png */; };
		36532A941DD248AB006FBDA6 /* volume_down@3x.png in Resources */ = {isa = PBXBuildFile; fileRef = 36532A611DD248AB006FBDA6 /* volume_down@3x.png */; };
		36532A951DD248AB006FBDA6 /* volume_up.png in Resources */ = {isa = PBXBuildFile; fileRef = 36532A621DD248AB006FBDA6 /* volume_up.png */; };
		36532A961DD248AB006FBDA6 /* volume_up@2x.png in Resources */ = {isa = PBXBuildFile; fileRef = 36532A631DD248AB006FBDA6 /* volume_up@2x.png */; };
		36532A971DD248AB006FBDA6 /* volume_up@3x.png in Resources */ = {isa = PBXBuildFile; fileRef = 36532A641DD248AB006FBDA6 /* volume_up@3x.png */; };
		3663090C1A8BB0920074ACA6 /* MainWindow.xib in Resources */ = {isa = PBXBuildFile; fileRef = 3663090B1A8BB0920074ACA6 /* MainWindow.xib */; };
		3689727D1BB58CF40083AE46 /* InfoPlist.strings in Resources */ = {isa = PBXBuildFile; fileRef = 3689727C1BB58CF40083AE46 /* InfoPlist.strings */; };
		369052B323B629510059785A /* GoogleService-Info.plist in Resources */ = {isa = PBXBuildFile; fileRef = 369052B223B629510059785A /* GoogleService-Info.plist */; };
		369D51761DEC9F0800788065 /* PlayerViewController.xib in Resources */ = {isa = PBXBuildFile; fileRef = 369D51751DEC9F0800788065 /* PlayerViewController.xib */; };
		369D51791DEC9F4700788065 /* PlayerViewController.m in Sources */ = {isa = PBXBuildFile; fileRef = 369D51781DEC9F4700788065 /* PlayerViewController.m */; };
		369D517D1DECA37100788065 /* chat.png in Resources */ = {isa = PBXBuildFile; fileRef = 369D517A1DECA37100788065 /* chat.png */; };
		369D517E1DECA37100788065 /* chat@2x.png in Resources */ = {isa = PBXBuildFile; fileRef = 369D517B1DECA37100788065 /* chat@2x.png */; };
		369D517F1DECA37100788065 /* chat@3x.png in Resources */ = {isa = PBXBuildFile; fileRef = 369D517C1DECA37100788065 /* chat@3x.png */; };
		36BA389C1A6861CE00AB7D54 /* Images.xcassets in Resources */ = {isa = PBXBuildFile; fileRef = 36BA389B1A6861CE00AB7D54 /* Images.xcassets */; };
		36CA85B9232969960074ECF4 /* MediaPlayer.framework in Frameworks */ = {isa = PBXBuildFile; fileRef = 64205891162CF67D00921914 /* MediaPlayer.framework */; };
		36CA85C2232A5FC10074ECF4 /* facebook_white.png in Resources */ = {isa = PBXBuildFile; fileRef = 36CA85BB232A5FBC0074ECF4 /* facebook_white.png */; };
		36CA85C3232A5FC10074ECF4 /* twitter_white.png in Resources */ = {isa = PBXBuildFile; fileRef = 36CA85BC232A5FBD0074ECF4 /* twitter_white.png */; };
		36CA85C4232A5FC10074ECF4 /* snapchat_white.png in Resources */ = {isa = PBXBuildFile; fileRef = 36CA85BD232A5FBE0074ECF4 /* snapchat_white.png */; };
		36CA85C5232A5FC10074ECF4 /* messenger_white.png in Resources */ = {isa = PBXBuildFile; fileRef = 36CA85BE232A5FBF0074ECF4 /* messenger_white.png */; };
		36CA85C6232A5FC10074ECF4 /* instagram_white.png in Resources */ = {isa = PBXBuildFile; fileRef = 36CA85BF232A5FC00074ECF4 /* instagram_white.png */; };
		36CA85C7232A5FC10074ECF4 /* airplay_white.png in Resources */ = {isa = PBXBuildFile; fileRef = 36CA85C0232A5FC10074ECF4 /* airplay_white.png */; };
		36CA85CD232A609E0074ECF4 /* share_white.png in Resources */ = {isa = PBXBuildFile; fileRef = 36CA85CC232A609E0074ECF4 /* share_white.png */; };
		36CA85CF232A63350074ECF4 /* US-UK_Apple_Music_Lockup_RGB_wht.png in Resources */ = {isa = PBXBuildFile; fileRef = 36CA85CE232A63340074ECF4 /* US-UK_Apple_Music_Lockup_RGB_wht.png */; };
		36CA85D1232A67BA0074ECF4 /* remove_white.png in Resources */ = {isa = PBXBuildFile; fileRef = 36CA85D0232A67BA0074ECF4 /* remove_white.png */; };
		36CA85D3232A845A0074ECF4 /* open_website.png in Resources */ = {isa = PBXBuildFile; fileRef = 36CA85D2232A845A0074ECF4 /* open_website.png */; };
		36D069771DECB2C00025B7B7 /* StoreKit.framework in Frameworks */ = {isa = PBXBuildFile; fileRef = 36D069761DECB2C00025B7B7 /* StoreKit.framework */; };
		36E60D751E13DA9B00B3375B /* QuickAction_Station3@2x.png in Resources */ = {isa = PBXBuildFile; fileRef = 36E60D711E13DA9B00B3375B /* QuickAction_Station3@2x.png */; };
		36E60D761E13DA9B00B3375B /* QuickAction_Station3@3x.png in Resources */ = {isa = PBXBuildFile; fileRef = 36E60D721E13DA9B00B3375B /* QuickAction_Station3@3x.png */; };
		36E60D781E13DA9B00B3375B /* QuickAction_Station4@3x.png in Resources */ = {isa = PBXBuildFile; fileRef = 36E60D741E13DA9B00B3375B /* QuickAction_Station4@3x.png */; };
		36F6E001200A67EE00C75EA8 /* LaunchScreen.png in Resources */ = {isa = PBXBuildFile; fileRef = 36F6DFFE200A67ED00C75EA8 /* LaunchScreen.png */; };
		36F6E002200A67EE00C75EA8 /* LaunchScreen@2x.png in Resources */ = {isa = PBXBuildFile; fileRef = 36F6DFFF200A67EE00C75EA8 /* LaunchScreen@2x.png */; };
		36F6E003200A67EE00C75EA8 /* LaunchScreen@3x.png in Resources */ = {isa = PBXBuildFile; fileRef = 36F6E000200A67EE00C75EA8 /* LaunchScreen@3x.png */; };
		36F6E008200A6F1F00C75EA8 /* QuickAction_Station4@2x.png in Resources */ = {isa = PBXBuildFile; fileRef = 36F6E004200A6F1E00C75EA8 /* QuickAction_Station4@2x.png */; };
		36F6E00B200A6F1F00C75EA8 /* QuickAction_Station4@3x.png in Resources */ = {isa = PBXBuildFile; fileRef = 36F6E007200A6F1F00C75EA8 /* QuickAction_Station4@3x.png */; };
		640249A8181B735D00570B74 /* CoreImage.framework in Frameworks */ = {isa = PBXBuildFile; fileRef = 640249A7181B735D00570B74 /* CoreImage.framework */; };
		641D5F261864C4B600383568 /* AVFoundation.framework in Frameworks */ = {isa = PBXBuildFile; fileRef = 641D5F251864C4B600383568 /* AVFoundation.framework */; };
		641D5F281864C4C900383568 /* MessageUI.framework in Frameworks */ = {isa = PBXBuildFile; fileRef = 641D5F271864C4C900383568 /* MessageUI.framework */; };
		6420588C162CF64200921914 /* Foundation.framework in Frameworks */ = {isa = PBXBuildFile; fileRef = 6420588B162CF64200921914 /* Foundation.framework */; };
		6420588E162CF64C00921914 /* UIKit.framework in Frameworks */ = {isa = PBXBuildFile; fileRef = 6420588D162CF64C00921914 /* UIKit.framework */; };
		64205890162CF65500921914 /* CoreGraphics.framework in Frameworks */ = {isa = PBXBuildFile; fileRef = 6420588F162CF65500921914 /* CoreGraphics.framework */; };
		64205892162CF67D00921914 /* MediaPlayer.framework in Frameworks */ = {isa = PBXBuildFile; fileRef = 64205891162CF67D00921914 /* MediaPlayer.framework */; };
		64205894162CF68300921914 /* AudioToolbox.framework in Frameworks */ = {isa = PBXBuildFile; fileRef = 64205893162CF68300921914 /* AudioToolbox.framework */; };
		64205896162CF68D00921914 /* QuartzCore.framework in Frameworks */ = {isa = PBXBuildFile; fileRef = 64205895162CF68D00921914 /* QuartzCore.framework */; };
		64205898162CF69A00921914 /* CFNetwork.framework in Frameworks */ = {isa = PBXBuildFile; fileRef = 64205897162CF69A00921914 /* CFNetwork.framework */; };
		6420589A162CF6A900921914 /* SystemConfiguration.framework in Frameworks */ = {isa = PBXBuildFile; fileRef = 64205899162CF6A900921914 /* SystemConfiguration.framework */; };
		646493FF183674700090ADCF /* AppDelegate.m in Sources */ = {isa = PBXBuildFile; fileRef = 646493FE183674700090ADCF /* AppDelegate.m */; };
		6464942C1836A0200090ADCF /* URLCacheConnection.m in Sources */ = {isa = PBXBuildFile; fileRef = 6464942B1836A0200090ADCF /* URLCacheConnection.m */; };
		646494321836A05D0090ADCF /* Reachability.m in Sources */ = {isa = PBXBuildFile; fileRef = 646494311836A05D0090ADCF /* Reachability.m */; };
		646494351836A0720090ADCF /* URLCacheAlert.m in Sources */ = {isa = PBXBuildFile; fileRef = 646494341836A0720090ADCF /* URLCacheAlert.m */; };
		6464943E1836A0B90090ADCF /* Level1ViewController.m in Sources */ = {isa = PBXBuildFile; fileRef = 6464943D1836A0B90090ADCF /* Level1ViewController.m */; };
		6464947A1836AD410090ADCF /* PlayerDB.plist in Resources */ = {isa = PBXBuildFile; fileRef = 646494791836AD410090ADCF /* PlayerDB.plist */; };
		646494801836AD6E0090ADCF /* AutoScrollLabel.m in Sources */ = {isa = PBXBuildFile; fileRef = 6464947F1836AD6E0090ADCF /* AutoScrollLabel.m */; };
		64B2AA5B1A67849400E9BD60 /* EventKit.framework in Frameworks */ = {isa = PBXBuildFile; fileRef = 64B2AA5A1A67849400E9BD60 /* EventKit.framework */; };
		64B2AA5D1A6784AD00E9BD60 /* EventKitUI.framework in Frameworks */ = {isa = PBXBuildFile; fileRef = 64B2AA5C1A6784AD00E9BD60 /* EventKitUI.framework */; };
		64B2AA5F1A6784FC00E9BD60 /* CoreTelephony.framework in Frameworks */ = {isa = PBXBuildFile; fileRef = 64B2AA5E1A6784FC00E9BD60 /* CoreTelephony.framework */; };
		64BD3B9418793A4000A05337 /* Settings.m in Sources */ = {isa = PBXBuildFile; fileRef = 64BD3B9318793A4000A05337 /* Settings.m */; };
		64BE601718A7462700699659 /* libxml2.dylib in Frameworks */ = {isa = PBXBuildFile; fileRef = 64BE601618A7462700699659 /* libxml2.dylib */; };
		64C9A3D51861EE990093D9A8 /* CustomTableCell.xib in Resources */ = {isa = PBXBuildFile; fileRef = 64C9A3D41861EE990093D9A8 /* CustomTableCell.xib */; };
		64C9A3D81861EEA70093D9A8 /* CustomTableCell.m in Sources */ = {isa = PBXBuildFile; fileRef = 64C9A3D71861EEA70093D9A8 /* CustomTableCell.m */; };
		64C9A3DA1861F25B0093D9A8 /* ImageIO.framework in Frameworks */ = {isa = PBXBuildFile; fileRef = 64C9A3D91861F25B0093D9A8 /* ImageIO.framework */; };
		64D5B9FB18AC8CA200C88057 /* M3UParser.m in Sources */ = {isa = PBXBuildFile; fileRef = 64D5B9E418AC8CA200C88057 /* M3UParser.m */; };
		64D5B9FC18AC8CA200C88057 /* PLSParser.m in Sources */ = {isa = PBXBuildFile; fileRef = 64D5B9E718AC8CA200C88057 /* PLSParser.m */; };
		64D5B9FD18AC8CA200C88057 /* XSPFParser.m in Sources */ = {isa = PBXBuildFile; fileRef = 64D5B9E918AC8CA200C88057 /* XSPFParser.m */; };
		64D5B9FE18AC8CA200C88057 /* AudioPacket.m in Sources */ = {isa = PBXBuildFile; fileRef = 64D5B9EC18AC8CA200C88057 /* AudioPacket.m */; };
		64D5B9FF18AC8CA200C88057 /* AudioQueue.m in Sources */ = {isa = PBXBuildFile; fileRef = 64D5B9EE18AC8CA200C88057 /* AudioQueue.m */; };
		64D5BA0018AC8CA200C88057 /* Radio.m in Sources */ = {isa = PBXBuildFile; fileRef = 64D5B9F018AC8CA200C88057 /* Radio.m */; };
		64D5BA0118AC8CA200C88057 /* Streamer.m in Sources */ = {isa = PBXBuildFile; fileRef = 64D5B9F218AC8CA200C88057 /* Streamer.m */; };
		64D5BA0218AC8CA200C88057 /* ReachabilityRadioKit.m in Sources */ = {isa = PBXBuildFile; fileRef = 64D5B9F518AC8CA200C88057 /* ReachabilityRadioKit.m */; };
		64D5BA0318AC8CA200C88057 /* NSHTTPURLResponse.m in Sources */ = {isa = PBXBuildFile; fileRef = 64D5B9F818AC8CA200C88057 /* NSHTTPURLResponse.m */; };
		64D5BA0418AC8CA200C88057 /* XMLUtilities.m in Sources */ = {isa = PBXBuildFile; fileRef = 64D5B9FA18AC8CA200C88057 /* XMLUtilities.m */; };
		64D5BA0A18AC8CA800C88057 /* FXImageView.m in Sources */ = {isa = PBXBuildFile; fileRef = 64D5BA0718AC8CA800C88057 /* FXImageView.m */; settings = {COMPILER_FLAGS = "-fobjc-arc"; }; };
		64D5BA0B18AC8CA800C88057 /* UIImage+FX.m in Sources */ = {isa = PBXBuildFile; fileRef = 64D5BA0918AC8CA800C88057 /* UIImage+FX.m */; };
		64D5BA0F18AC8CB000C88057 /* UIImageView+LBBlurredImage.m in Sources */ = {isa = PBXBuildFile; fileRef = 64D5BA0E18AC8CB000C88057 /* UIImageView+LBBlurredImage.m */; };
		64D5BA2618AC8CB700C88057 /* SDImageCache.m in Sources */ = {isa = PBXBuildFile; fileRef = 64D5BA1418AC8CB700C88057 /* SDImageCache.m */; };
		64D5BA2718AC8CB700C88057 /* SDWebImageDecoder.m in Sources */ = {isa = PBXBuildFile; fileRef = 64D5BA1818AC8CB700C88057 /* SDWebImageDecoder.m */; };
		64D5BA2818AC8CB700C88057 /* SDWebImageDownloader.m in Sources */ = {isa = PBXBuildFile; fileRef = 64D5BA1A18AC8CB700C88057 /* SDWebImageDownloader.m */; };
		64D5BA2918AC8CB700C88057 /* SDWebImageManager.m in Sources */ = {isa = PBXBuildFile; fileRef = 64D5BA1D18AC8CB700C88057 /* SDWebImageManager.m */; };
		64D5BA2A18AC8CB700C88057 /* SDWebImagePrefetcher.m in Sources */ = {isa = PBXBuildFile; fileRef = 64D5BA2018AC8CB700C88057 /* SDWebImagePrefetcher.m */; };
		64D5BA2B18AC8CB700C88057 /* UIButton+WebCache.m in Sources */ = {isa = PBXBuildFile; fileRef = 64D5BA2218AC8CB700C88057 /* UIButton+WebCache.m */; };
		64D5BA2C18AC8CB700C88057 /* UIImageView+WebCache.m in Sources */ = {isa = PBXBuildFile; fileRef = 64D5BA2418AC8CB700C88057 /* UIImageView+WebCache.m */; };
		64E1F3FC18AC8BE50067D297 /* audioplaylistpro.plist in Resources */ = {isa = PBXBuildFile; fileRef = 64E1F3FA18AC8BE50067D297 /* audioplaylistpro.plist */; };
		FC5697D21F4401A000DA5983 /* ABITunesWrapper.m in Sources */ = {isa = PBXBuildFile; fileRef = FC5697D11F4401A000DA5983 /* ABITunesWrapper.m */; };
		FCE5ED951F4358DD00621B87 /* Live.png in Resources */ = {isa = PBXBuildFile; fileRef = FCE5ED941F4358DD00621B87 /* Live.png */; };
		FCE5ED9C1F43621600621B87 /* Club1.jpg in Resources */ = {isa = PBXBuildFile; fileRef = FCE5ED9A1F43621600621B87 /* Club1.jpg */; };
		FCE5ED9D1F43621600621B87 /* ClubOne1.jpg in Resources */ = {isa = PBXBuildFile; fileRef = FCE5ED9B1F43621600621B87 /* ClubOne1.jpg */; };
/* End PBXBuildFile section */

/* Begin PBXFileReference section */
		1D6058910D05DD3D006BFB54 /* Radio Play.app */ = {isa = PBXFileReference; explicitFileType = wrapper.application; includeInIndex = 0; path = "Radio Play.app"; sourceTree = BUILT_PRODUCTS_DIR; };
		29B97316FDCFA39411CA2CEA /* main.m */ = {isa = PBXFileReference; fileEncoding = 4; lastKnownFileType = sourcecode.c.objc; path = main.m; sourceTree = "<group>"; };
		362139481DF6062A0007CC46 /* CoreData.framework */ = {isa = PBXFileReference; lastKnownFileType = wrapper.framework; name = CoreData.framework; path = System/Library/Frameworks/CoreData.framework; sourceTree = SDKROOT; };
		362304741E21A82500AD6129 /* Radio Play.entitlements */ = {isa = PBXFileReference; lastKnownFileType = text.plist.entitlements; path = "Radio Play.entitlements"; sourceTree = "<group>"; };
		362883111BDAD1D00053628A /* Launch Screen.storyboard */ = {isa = PBXFileReference; fileEncoding = 4; lastKnownFileType = file.storyboard; path = "Launch Screen.storyboard"; sourceTree = "<group>"; };
		362E44E8232E9E730001BA3F /* speaker_low_white.png */ = {isa = PBXFileReference; lastKnownFileType = image.png; name = speaker_low_white.png; path = Images/speaker_low_white.png; sourceTree = SOURCE_ROOT; };
		362E44E9232E9E740001BA3F /* speaker_high_white.png */ = {isa = PBXFileReference; lastKnownFileType = image.png; name = speaker_high_white.png; path = Images/speaker_high_white.png; sourceTree = SOURCE_ROOT; };
		362E44EC232F80130001BA3F /* speaker_low_white@2x.png */ = {isa = PBXFileReference; lastKnownFileType = image.png; name = "speaker_low_white@2x.png"; path = "Images/speaker_low_white@2x.png"; sourceTree = SOURCE_ROOT; };
		362E44ED232F80140001BA3F /* speaker_high_white@3x.png */ = {isa = PBXFileReference; lastKnownFileType = image.png; name = "speaker_high_white@3x.png"; path = "Images/speaker_high_white@3x.png"; sourceTree = SOURCE_ROOT; };
		362E44EE232F80150001BA3F /* speaker_high_white@2x.png */ = {isa = PBXFileReference; lastKnownFileType = image.png; name = "speaker_high_white@2x.png"; path = "Images/speaker_high_white@2x.png"; sourceTree = SOURCE_ROOT; };
		362E44EF232F80160001BA3F /* speaker_low_white@3x.png */ = {isa = PBXFileReference; lastKnownFileType = image.png; name = "speaker_low_white@3x.png"; path = "Images/speaker_low_white@3x.png"; sourceTree = SOURCE_ROOT; };
		363694941F1D623500E63895 /* audioplaylistpro_category2.plist */ = {isa = PBXFileReference; fileEncoding = 4; lastKnownFileType = text.plist.xml; name = audioplaylistpro_category2.plist; path = "Radio 7 Pro Core/Database Files/audioplaylistpro_category2.plist"; sourceTree = SOURCE_ROOT; };
		363694951F1D623500E63895 /* audioplaylistpro_category3.plist */ = {isa = PBXFileReference; fileEncoding = 4; lastKnownFileType = text.plist.xml; name = audioplaylistpro_category3.plist; path = "Radio 7 Pro Core/Database Files/audioplaylistpro_category3.plist"; sourceTree = SOURCE_ROOT; };
		363694961F1D623500E63895 /* audioplaylistpro_category1.plist */ = {isa = PBXFileReference; fileEncoding = 4; lastKnownFileType = text.plist.xml; name = audioplaylistpro_category1.plist; path = "Radio 7 Pro Core/Database Files/audioplaylistpro_category1.plist"; sourceTree = SOURCE_ROOT; };
		364892631E0BF55C0079F332 /* share.png */ = {isa = PBXFileReference; lastKnownFileType = image.png; name = share.png; path = "Radio 7 Pro Core/Images/share.png"; sourceTree = SOURCE_ROOT; };
		364892641E0BF55C0079F332 /* share@2x.png */ = {isa = PBXFileReference; lastKnownFileType = image.png; name = "share@2x.png"; path = "Radio 7 Pro Core/Images/share@2x.png"; sourceTree = SOURCE_ROOT; };
		364892651E0BF55C0079F332 /* share@3x.png */ = {isa = PBXFileReference; lastKnownFileType = image.png; name = "share@3x.png"; path = "Radio 7 Pro Core/Images/share@3x.png"; sourceTree = SOURCE_ROOT; };
		3650CCB625E429C1009684E4 /* nanopb.xcframework */ = {isa = PBXFileReference; lastKnownFileType = wrapper.xcframework; name = nanopb.xcframework; path = "Radio 7 Pro Core/Ads/nanopb.xcframework"; sourceTree = "<group>"; };
		3650CCB725E429C1009684E4 /* GoogleUtilities.xcframework */ = {isa = PBXFileReference; lastKnownFileType = wrapper.xcframework; name = GoogleUtilities.xcframework; path = "Radio 7 Pro Core/Ads/GoogleUtilities.xcframework"; sourceTree = "<group>"; };
		3650CCB825E429C2009684E4 /* PromisesObjC.xcframework */ = {isa = PBXFileReference; lastKnownFileType = wrapper.xcframework; name = PromisesObjC.xcframework; path = "Radio 7 Pro Core/Ads/PromisesObjC.xcframework"; sourceTree = "<group>"; };
		3650CCB925E429C2009684E4 /* GoogleAppMeasurement.xcframework */ = {isa = PBXFileReference; lastKnownFileType = wrapper.xcframework; name = GoogleAppMeasurement.xcframework; path = "Radio 7 Pro Core/Ads/GoogleAppMeasurement.xcframework"; sourceTree = "<group>"; };
		3650CCBA25E429C2009684E4 /* GoogleMobileAds.xcframework */ = {isa = PBXFileReference; lastKnownFileType = wrapper.xcframework; name = GoogleMobileAds.xcframework; path = "Radio 7 Pro Core/Ads/GoogleMobileAds.xcframework"; sourceTree = "<group>"; };
		3650CCBB25E429C2009684E4 /* UserMessagingPlatform.xcframework */ = {isa = PBXFileReference; lastKnownFileType = wrapper.xcframework; name = UserMessagingPlatform.xcframework; path = "Radio 7 Pro Core/Ads/UserMessagingPlatform.xcframework"; sourceTree = "<group>"; };
		365221651C98BAB50061AD3E /* CoreMotion.framework */ = {isa = PBXFileReference; lastKnownFileType = wrapper.framework; name = CoreMotion.framework; path = System/Library/Frameworks/CoreMotion.framework; sourceTree = SDKROOT; };
		36532A321DD248AB006FBDA6 /* about.png */ = {isa = PBXFileReference; lastKnownFileType = image.png; name = about.png; path = "Radio 7 Pro Core/Images/about.png"; sourceTree = SOURCE_ROOT; };
		36532A331DD248AB006FBDA6 /* about@2x.png */ = {isa = PBXFileReference; lastKnownFileType = image.png; name = "about@2x.png"; path = "Radio 7 Pro Core/Images/about@2x.png"; sourceTree = SOURCE_ROOT; };
		36532A341DD248AB006FBDA6 /* about@3x.png */ = {isa = PBXFileReference; lastKnownFileType = image.png; name = "about@3x.png"; path = "Radio 7 Pro Core/Images/about@3x.png"; sourceTree = SOURCE_ROOT; };
		36532A351DD248AB006FBDA6 /* bufferingbg.png */ = {isa = PBXFileReference; lastKnownFileType = image.png; name = bufferingbg.png; path = "Radio 7 Pro Core/Images/bufferingbg.png"; sourceTree = SOURCE_ROOT; };
		36532A361DD248AB006FBDA6 /* bufferingbg@2x.png */ = {isa = PBXFileReference; lastKnownFileType = image.png; name = "bufferingbg@2x.png"; path = "Radio 7 Pro Core/Images/bufferingbg@2x.png"; sourceTree = SOURCE_ROOT; };
		36532A371DD248AB006FBDA6 /* chevron.png */ = {isa = PBXFileReference; lastKnownFileType = image.png; name = chevron.png; path = "Radio 7 Pro Core/Images/chevron.png"; sourceTree = SOURCE_ROOT; };
		36532A381DD248AB006FBDA6 /* chevron@2x.png */ = {isa = PBXFileReference; lastKnownFileType = image.png; name = "chevron@2x.png"; path = "Radio 7 Pro Core/Images/chevron@2x.png"; sourceTree = SOURCE_ROOT; };
		36532A391DD248AB006FBDA6 /* chevron@3x.png */ = {isa = PBXFileReference; lastKnownFileType = image.png; name = "chevron@3x.png"; path = "Radio 7 Pro Core/Images/chevron@3x.png"; sourceTree = SOURCE_ROOT; };
		36532A401DD248AB006FBDA6 /* defaultalbum.png */ = {isa = PBXFileReference; lastKnownFileType = image.png; name = defaultalbum.png; path = "Radio 7 Pro Core/Images/defaultalbum.png"; sourceTree = SOURCE_ROOT; };
		36532A411DD248AB006FBDA6 /* defaultalbum@2x.png */ = {isa = PBXFileReference; lastKnownFileType = image.png; name = "defaultalbum@2x.png"; path = "Radio 7 Pro Core/Images/defaultalbum@2x.png"; sourceTree = SOURCE_ROOT; };
		36532A421DD248AB006FBDA6 /* defaultalbum@3x.png */ = {isa = PBXFileReference; lastKnownFileType = image.png; name = "defaultalbum@3x.png"; path = "Radio 7 Pro Core/Images/defaultalbum@3x.png"; sourceTree = SOURCE_ROOT; };
		36532A461DD248AB006FBDA6 /* facebooksel.png */ = {isa = PBXFileReference; lastKnownFileType = image.png; name = facebooksel.png; path = "Radio 7 Pro Core/Images/facebooksel.png"; sourceTree = SOURCE_ROOT; };
		36532A471DD248AB006FBDA6 /* facebooksel@2x.png */ = {isa = PBXFileReference; lastKnownFileType = image.png; name = "facebooksel@2x.png"; path = "Radio 7 Pro Core/Images/facebooksel@2x.png"; sourceTree = SOURCE_ROOT; };
		36532A481DD248AB006FBDA6 /* facebooksel@3x.png */ = {isa = PBXFileReference; lastKnownFileType = image.png; name = "facebooksel@3x.png"; path = "Radio 7 Pro Core/Images/facebooksel@3x.png"; sourceTree = SOURCE_ROOT; };
		36532A491DD248AB006FBDA6 /* pausebtn.png */ = {isa = PBXFileReference; lastKnownFileType = image.png; name = pausebtn.png; path = "Radio 7 Pro Core/Images/pausebtn.png"; sourceTree = SOURCE_ROOT; };
		36532A4A1DD248AB006FBDA6 /* pausebtn@2x.png */ = {isa = PBXFileReference; lastKnownFileType = image.png; name = "pausebtn@2x.png"; path = "Radio 7 Pro Core/Images/pausebtn@2x.png"; sourceTree = SOURCE_ROOT; };
		36532A4B1DD248AB006FBDA6 /* pausebtn@3x.png */ = {isa = PBXFileReference; lastKnownFileType = image.png; name = "pausebtn@3x.png"; path = "Radio 7 Pro Core/Images/pausebtn@3x.png"; sourceTree = SOURCE_ROOT; };
		36532A4C1DD248AB006FBDA6 /* playbtn.png */ = {isa = PBXFileReference; lastKnownFileType = image.png; name = playbtn.png; path = "Radio 7 Pro Core/Images/playbtn.png"; sourceTree = SOURCE_ROOT; };
		36532A4D1DD248AB006FBDA6 /* playbtn@2x.png */ = {isa = PBXFileReference; lastKnownFileType = image.png; name = "playbtn@2x.png"; path = "Radio 7 Pro Core/Images/playbtn@2x.png"; sourceTree = SOURCE_ROOT; };
		36532A4E1DD248AB006FBDA6 /* playbtn@3x.png */ = {isa = PBXFileReference; lastKnownFileType = image.png; name = "playbtn@3x.png"; path = "Radio 7 Pro Core/Images/playbtn@3x.png"; sourceTree = SOURCE_ROOT; };
		36532A4F1DD248AB006FBDA6 /* QuickAction_Station1@2x.png */ = {isa = PBXFileReference; lastKnownFileType = image.png; name = "QuickAction_Station1@2x.png"; path = "Radio 7 Pro Core/Images/QuickAction_Station1@2x.png"; sourceTree = SOURCE_ROOT; };
		36532A501DD248AB006FBDA6 /* QuickAction_Station1@3x.png */ = {isa = PBXFileReference; lastKnownFileType = image.png; name = "QuickAction_Station1@3x.png"; path = "Radio 7 Pro Core/Images/QuickAction_Station1@3x.png"; sourceTree = SOURCE_ROOT; };
		36532A511DD248AB006FBDA6 /* QuickAction_Station2@2x.png */ = {isa = PBXFileReference; lastKnownFileType = image.png; name = "QuickAction_Station2@2x.png"; path = "Radio 7 Pro Core/Images/QuickAction_Station2@2x.png"; sourceTree = SOURCE_ROOT; };
		36532A521DD248AB006FBDA6 /* QuickAction_Station2@3x.png */ = {isa = PBXFileReference; lastKnownFileType = image.png; name = "QuickAction_Station2@3x.png"; path = "Radio 7 Pro Core/Images/QuickAction_Station2@3x.png"; sourceTree = SOURCE_ROOT; };
		36532A531DD248AB006FBDA6 /* radio.png */ = {isa = PBXFileReference; lastKnownFileType = image.png; name = radio.png; path = "Radio 7 Pro Core/Images/radio.png"; sourceTree = SOURCE_ROOT; };
		36532A541DD248AB006FBDA6 /* radio@2x.png */ = {isa = PBXFileReference; lastKnownFileType = image.png; name = "radio@2x.png"; path = "Radio 7 Pro Core/Images/radio@2x.png"; sourceTree = SOURCE_ROOT; };
		36532A551DD248AB006FBDA6 /* radio@3x.png */ = {isa = PBXFileReference; lastKnownFileType = image.png; name = "radio@3x.png"; path = "Radio 7 Pro Core/Images/radio@3x.png"; sourceTree = SOURCE_ROOT; };
		36532A561DD248AB006FBDA6 /* slider_ball1.png */ = {isa = PBXFileReference; lastKnownFileType = image.png; name = slider_ball1.png; path = "Radio 7 Pro Core/Images/slider_ball1.png"; sourceTree = SOURCE_ROOT; };
		36532A571DD248AB006FBDA6 /* slider_ball1@2x.png */ = {isa = PBXFileReference; lastKnownFileType = image.png; name = "slider_ball1@2x.png"; path = "Radio 7 Pro Core/Images/slider_ball1@2x.png"; sourceTree = SOURCE_ROOT; };
		36532A581DD248AB006FBDA6 /* slider_ball1@3x.png */ = {isa = PBXFileReference; lastKnownFileType = image.png; name = "slider_ball1@3x.png"; path = "Radio 7 Pro Core/Images/slider_ball1@3x.png"; sourceTree = SOURCE_ROOT; };
		36532A5C1DD248AB006FBDA6 /* twittersel.png */ = {isa = PBXFileReference; lastKnownFileType = image.png; name = twittersel.png; path = "Radio 7 Pro Core/Images/twittersel.png"; sourceTree = SOURCE_ROOT; };
		36532A5D1DD248AB006FBDA6 /* twittersel@2x.png */ = {isa = PBXFileReference; lastKnownFileType = image.png; name = "twittersel@2x.png"; path = "Radio 7 Pro Core/Images/twittersel@2x.png"; sourceTree = SOURCE_ROOT; };
		36532A5E1DD248AB006FBDA6 /* twittersel@3x.png */ = {isa = PBXFileReference; lastKnownFileType = image.png; name = "twittersel@3x.png"; path = "Radio 7 Pro Core/Images/twittersel@3x.png"; sourceTree = SOURCE_ROOT; };
		36532A5F1DD248AB006FBDA6 /* volume_down.png */ = {isa = PBXFileReference; lastKnownFileType = image.png; name = volume_down.png; path = "Radio 7 Pro Core/Images/volume_down.png"; sourceTree = SOURCE_ROOT; };
		36532A601DD248AB006FBDA6 /* volume_down@2x.png */ = {isa = PBXFileReference; lastKnownFileType = image.png; name = "volume_down@2x.png"; path = "Radio 7 Pro Core/Images/volume_down@2x.png"; sourceTree = SOURCE_ROOT; };
		36532A611DD248AB006FBDA6 /* volume_down@3x.png */ = {isa = PBXFileReference; lastKnownFileType = image.png; name = "volume_down@3x.png"; path = "Radio 7 Pro Core/Images/volume_down@3x.png"; sourceTree = SOURCE_ROOT; };
		36532A621DD248AB006FBDA6 /* volume_up.png */ = {isa = PBXFileReference; lastKnownFileType = image.png; name = volume_up.png; path = "Radio 7 Pro Core/Images/volume_up.png"; sourceTree = SOURCE_ROOT; };
		36532A631DD248AB006FBDA6 /* volume_up@2x.png */ = {isa = PBXFileReference; lastKnownFileType = image.png; name = "volume_up@2x.png"; path = "Radio 7 Pro Core/Images/volume_up@2x.png"; sourceTree = SOURCE_ROOT; };
		36532A641DD248AB006FBDA6 /* volume_up@3x.png */ = {isa = PBXFileReference; lastKnownFileType = image.png; name = "volume_up@3x.png"; path = "Radio 7 Pro Core/Images/volume_up@3x.png"; sourceTree = SOURCE_ROOT; };
		3663090B1A8BB0920074ACA6 /* MainWindow.xib */ = {isa = PBXFileReference; fileEncoding = 4; lastKnownFileType = file.xib; path = MainWindow.xib; sourceTree = "<group>"; };
		3689727C1BB58CF40083AE46 /* InfoPlist.strings */ = {isa = PBXFileReference; fileEncoding = 4; lastKnownFileType = text.plist.strings; path = InfoPlist.strings; sourceTree = "<group>"; };
		369052B223B629510059785A /* GoogleService-Info.plist */ = {isa = PBXFileReference; fileEncoding = 4; lastKnownFileType = text.plist.xml; path = "GoogleService-Info.plist"; sourceTree = "<group>"; };
		369D51751DEC9F0800788065 /* PlayerViewController.xib */ = {isa = PBXFileReference; fileEncoding = 4; lastKnownFileType = file.xib; name = PlayerViewController.xib; path = "Radio 7 Pro Core/Xibs/PlayerViewController.xib"; sourceTree = SOURCE_ROOT; };
		369D51771DEC9F4700788065 /* PlayerViewController.h */ = {isa = PBXFileReference; fileEncoding = 4; lastKnownFileType = sourcecode.c.h; name = PlayerViewController.h; path = "Radio 7 Pro Core/Class Files/PlayerViewController.h"; sourceTree = SOURCE_ROOT; };
		369D51781DEC9F4700788065 /* PlayerViewController.m */ = {isa = PBXFileReference; fileEncoding = 4; lastKnownFileType = sourcecode.c.objc; name = PlayerViewController.m; path = "Radio 7 Pro Core/Class Files/PlayerViewController.m"; sourceTree = SOURCE_ROOT; };
		369D517A1DECA37100788065 /* chat.png */ = {isa = PBXFileReference; lastKnownFileType = image.png; name = chat.png; path = "Radio 7 Pro Core/Images/chat.png"; sourceTree = SOURCE_ROOT; };
		369D517B1DECA37100788065 /* chat@2x.png */ = {isa = PBXFileReference; lastKnownFileType = image.png; name = "chat@2x.png"; path = "Radio 7 Pro Core/Images/chat@2x.png"; sourceTree = SOURCE_ROOT; };
		369D517C1DECA37100788065 /* chat@3x.png */ = {isa = PBXFileReference; lastKnownFileType = image.png; name = "chat@3x.png"; path = "Radio 7 Pro Core/Images/chat@3x.png"; sourceTree = SOURCE_ROOT; };
		36BA389B1A6861CE00AB7D54 /* Images.xcassets */ = {isa = PBXFileReference; lastKnownFileType = folder.assetcatalog; name = Images.xcassets; path = Radiomyme/Images.xcassets; sourceTree = "<group>"; };
		36CA85BB232A5FBC0074ECF4 /* facebook_white.png */ = {isa = PBXFileReference; lastKnownFileType = image.png; name = facebook_white.png; path = Images/facebook_white.png; sourceTree = SOURCE_ROOT; };
		36CA85BC232A5FBD0074ECF4 /* twitter_white.png */ = {isa = PBXFileReference; lastKnownFileType = image.png; name = twitter_white.png; path = Images/twitter_white.png; sourceTree = SOURCE_ROOT; };
		36CA85BD232A5FBE0074ECF4 /* snapchat_white.png */ = {isa = PBXFileReference; lastKnownFileType = image.png; name = snapchat_white.png; path = Images/snapchat_white.png; sourceTree = SOURCE_ROOT; };
		36CA85BE232A5FBF0074ECF4 /* messenger_white.png */ = {isa = PBXFileReference; lastKnownFileType = image.png; name = messenger_white.png; path = Images/messenger_white.png; sourceTree = SOURCE_ROOT; };
		36CA85BF232A5FC00074ECF4 /* instagram_white.png */ = {isa = PBXFileReference; lastKnownFileType = image.png; name = instagram_white.png; path = Images/instagram_white.png; sourceTree = SOURCE_ROOT; };
		36CA85C0232A5FC10074ECF4 /* airplay_white.png */ = {isa = PBXFileReference; lastKnownFileType = image.png; name = airplay_white.png; path = Images/airplay_white.png; sourceTree = SOURCE_ROOT; };
		36CA85CC232A609E0074ECF4 /* share_white.png */ = {isa = PBXFileReference; lastKnownFileType = image.png; name = share_white.png; path = Images/share_white.png; sourceTree = SOURCE_ROOT; };
		36CA85CE232A63340074ECF4 /* US-UK_Apple_Music_Lockup_RGB_wht.png */ = {isa = PBXFileReference; lastKnownFileType = image.png; name = "US-UK_Apple_Music_Lockup_RGB_wht.png"; path = "Images/US-UK_Apple_Music_Lockup_RGB_wht.png"; sourceTree = SOURCE_ROOT; };
		36CA85D0232A67BA0074ECF4 /* remove_white.png */ = {isa = PBXFileReference; lastKnownFileType = image.png; name = remove_white.png; path = Images/remove_white.png; sourceTree = SOURCE_ROOT; };
		36CA85D2232A845A0074ECF4 /* open_website.png */ = {isa = PBXFileReference; lastKnownFileType = image.png; name = open_website.png; path = Images/open_website.png; sourceTree = SOURCE_ROOT; };
		36D069761DECB2C00025B7B7 /* StoreKit.framework */ = {isa = PBXFileReference; lastKnownFileType = wrapper.framework; name = StoreKit.framework; path = System/Library/Frameworks/StoreKit.framework; sourceTree = SDKROOT; };
		36E60D711E13DA9B00B3375B /* QuickAction_Station3@2x.png */ = {isa = PBXFileReference; lastKnownFileType = image.png; name = "QuickAction_Station3@2x.png"; path = "Radio 7 Pro Core/Images/QuickAction_Station3@2x.png"; sourceTree = SOURCE_ROOT; };
		36E60D721E13DA9B00B3375B /* QuickAction_Station3@3x.png */ = {isa = PBXFileReference; lastKnownFileType = image.png; name = "QuickAction_Station3@3x.png"; path = "Radio 7 Pro Core/Images/QuickAction_Station3@3x.png"; sourceTree = SOURCE_ROOT; };
		36E60D741E13DA9B00B3375B /* QuickAction_Station4@3x.png */ = {isa = PBXFileReference; lastKnownFileType = image.png; name = "QuickAction_Station4@3x.png"; path = "Radio 7 Pro Core/Images/QuickAction_Station4@3x.png"; sourceTree = SOURCE_ROOT; };
		36F6DFFE200A67ED00C75EA8 /* LaunchScreen.png */ = {isa = PBXFileReference; lastKnownFileType = image.png; name = LaunchScreen.png; path = "Radio 7 Pro Core/Images/LaunchScreen.png"; sourceTree = SOURCE_ROOT; };
		36F6DFFF200A67EE00C75EA8 /* LaunchScreen@2x.png */ = {isa = PBXFileReference; lastKnownFileType = image.png; name = "LaunchScreen@2x.png"; path = "Radio 7 Pro Core/Images/LaunchScreen@2x.png"; sourceTree = SOURCE_ROOT; };
		36F6E000200A67EE00C75EA8 /* LaunchScreen@3x.png */ = {isa = PBXFileReference; lastKnownFileType = image.png; name = "LaunchScreen@3x.png"; path = "Radio 7 Pro Core/Images/LaunchScreen@3x.png"; sourceTree = SOURCE_ROOT; };
		36F6E004200A6F1E00C75EA8 /* QuickAction_Station4@2x.png */ = {isa = PBXFileReference; lastKnownFileType = image.png; name = "QuickAction_Station4@2x.png"; path = "Radio 7 Pro Core/Images/QuickAction_Station4@2x.png"; sourceTree = SOURCE_ROOT; };
		36F6E007200A6F1F00C75EA8 /* QuickAction_Station4@3x.png */ = {isa = PBXFileReference; lastKnownFileType = image.png; name = "QuickAction_Station4@3x.png"; path = "Radio 7 Pro Core/Images/QuickAction_Station4@3x.png"; sourceTree = SOURCE_ROOT; };
		531F16910D63677B003D33FB /* Radio Play_Prefix.pch */ = {isa = PBXFileReference; fileEncoding = 4; lastKnownFileType = sourcecode.c.h; path = "Radio Play_Prefix.pch"; sourceTree = "<group>"; };
		640249A7181B735D00570B74 /* CoreImage.framework */ = {isa = PBXFileReference; lastKnownFileType = wrapper.framework; name = CoreImage.framework; path = System/Library/Frameworks/CoreImage.framework; sourceTree = SDKROOT; };
		641D5F211864C47E00383568 /* AdSupport.framework */ = {isa = PBXFileReference; lastKnownFileType = wrapper.framework; name = AdSupport.framework; path = System/Library/Frameworks/AdSupport.framework; sourceTree = SDKROOT; };
		641D5F251864C4B600383568 /* AVFoundation.framework */ = {isa = PBXFileReference; lastKnownFileType = wrapper.framework; name = AVFoundation.framework; path = System/Library/Frameworks/AVFoundation.framework; sourceTree = SDKROOT; };
		641D5F271864C4C900383568 /* MessageUI.framework */ = {isa = PBXFileReference; lastKnownFileType = wrapper.framework; name = MessageUI.framework; path = System/Library/Frameworks/MessageUI.framework; sourceTree = SDKROOT; };
		6420588B162CF64200921914 /* Foundation.framework */ = {isa = PBXFileReference; lastKnownFileType = wrapper.framework; name = Foundation.framework; path = System/Library/Frameworks/Foundation.framework; sourceTree = SDKROOT; };
		6420588D162CF64C00921914 /* UIKit.framework */ = {isa = PBXFileReference; lastKnownFileType = wrapper.framework; name = UIKit.framework; path = System/Library/Frameworks/UIKit.framework; sourceTree = SDKROOT; };
		6420588F162CF65500921914 /* CoreGraphics.framework */ = {isa = PBXFileReference; lastKnownFileType = wrapper.framework; name = CoreGraphics.framework; path = System/Library/Frameworks/CoreGraphics.framework; sourceTree = SDKROOT; };
		64205891162CF67D00921914 /* MediaPlayer.framework */ = {isa = PBXFileReference; lastKnownFileType = wrapper.framework; name = MediaPlayer.framework; path = System/Library/Frameworks/MediaPlayer.framework; sourceTree = SDKROOT; };
		64205893162CF68300921914 /* AudioToolbox.framework */ = {isa = PBXFileReference; lastKnownFileType = wrapper.framework; name = AudioToolbox.framework; path = System/Library/Frameworks/AudioToolbox.framework; sourceTree = SDKROOT; };
		64205895162CF68D00921914 /* QuartzCore.framework */ = {isa = PBXFileReference; lastKnownFileType = wrapper.framework; name = QuartzCore.framework; path = System/Library/Frameworks/QuartzCore.framework; sourceTree = SDKROOT; };
		64205897162CF69A00921914 /* CFNetwork.framework */ = {isa = PBXFileReference; lastKnownFileType = wrapper.framework; name = CFNetwork.framework; path = System/Library/Frameworks/CFNetwork.framework; sourceTree = SDKROOT; };
		64205899162CF6A900921914 /* SystemConfiguration.framework */ = {isa = PBXFileReference; lastKnownFileType = wrapper.framework; name = SystemConfiguration.framework; path = System/Library/Frameworks/SystemConfiguration.framework; sourceTree = SDKROOT; };
		646493FD183674700090ADCF /* AppDelegate.h */ = {isa = PBXFileReference; fileEncoding = 4; lastKnownFileType = sourcecode.c.h; path = AppDelegate.h; sourceTree = "<group>"; };
		646493FE183674700090ADCF /* AppDelegate.m */ = {isa = PBXFileReference; fileEncoding = 4; lastKnownFileType = sourcecode.c.objc; path = AppDelegate.m; sourceTree = "<group>"; };
		6464942A1836A0200090ADCF /* URLCacheConnection.h */ = {isa = PBXFileReference; fileEncoding = 4; lastKnownFileType = sourcecode.c.h; name = URLCacheConnection.h; path = "Radio 7 Pro Core/Class Files/URLCacheConnection.h"; sourceTree = SOURCE_ROOT; };
		6464942B1836A0200090ADCF /* URLCacheConnection.m */ = {isa = PBXFileReference; fileEncoding = 4; lastKnownFileType = sourcecode.c.objc; name = URLCacheConnection.m; path = "Radio 7 Pro Core/Class Files/URLCacheConnection.m"; sourceTree = SOURCE_ROOT; };
		646494301836A05D0090ADCF /* Reachability.h */ = {isa = PBXFileReference; fileEncoding = 4; lastKnownFileType = sourcecode.c.h; name = Reachability.h; path = "Radio 7 Pro Core/Class Files/Reachability.h"; sourceTree = SOURCE_ROOT; };
		646494311836A05D0090ADCF /* Reachability.m */ = {isa = PBXFileReference; fileEncoding = 4; lastKnownFileType = sourcecode.c.objc; name = Reachability.m; path = "Radio 7 Pro Core/Class Files/Reachability.m"; sourceTree = SOURCE_ROOT; };
		646494331836A0720090ADCF /* URLCacheAlert.h */ = {isa = PBXFileReference; fileEncoding = 4; lastKnownFileType = sourcecode.c.h; name = URLCacheAlert.h; path = "Radio 7 Pro Core/Class Files/URLCacheAlert.h"; sourceTree = SOURCE_ROOT; };
		646494341836A0720090ADCF /* URLCacheAlert.m */ = {isa = PBXFileReference; fileEncoding = 4; lastKnownFileType = sourcecode.c.objc; name = URLCacheAlert.m; path = "Radio 7 Pro Core/Class Files/URLCacheAlert.m"; sourceTree = SOURCE_ROOT; };
		6464943C1836A0B90090ADCF /* Level1ViewController.h */ = {isa = PBXFileReference; fileEncoding = 4; lastKnownFileType = sourcecode.c.h; name = Level1ViewController.h; path = "Radio 7 Pro Core/Class Files/Level1ViewController.h"; sourceTree = SOURCE_ROOT; };
		6464943D1836A0B90090ADCF /* Level1ViewController.m */ = {isa = PBXFileReference; fileEncoding = 4; lastKnownFileType = sourcecode.c.objc; name = Level1ViewController.m; path = "Radio 7 Pro Core/Class Files/Level1ViewController.m"; sourceTree = SOURCE_ROOT; };
		646494791836AD410090ADCF /* PlayerDB.plist */ = {isa = PBXFileReference; fileEncoding = 4; lastKnownFileType = text.plist.xml; name = PlayerDB.plist; path = "Radio 7 Pro Core/Database Files/PlayerDB.plist"; sourceTree = SOURCE_ROOT; };
		6464947E1836AD6E0090ADCF /* AutoScrollLabel.h */ = {isa = PBXFileReference; fileEncoding = 4; lastKnownFileType = sourcecode.c.h; name = AutoScrollLabel.h; path = "Radio 7 Pro Core/Class Files/AutoScrollLabel.h"; sourceTree = SOURCE_ROOT; };
		6464947F1836AD6E0090ADCF /* AutoScrollLabel.m */ = {isa = PBXFileReference; fileEncoding = 4; lastKnownFileType = sourcecode.c.objc; name = AutoScrollLabel.m; path = "Radio 7 Pro Core/Class Files/AutoScrollLabel.m"; sourceTree = SOURCE_ROOT; };
		64B2AA5A1A67849400E9BD60 /* EventKit.framework */ = {isa = PBXFileReference; lastKnownFileType = wrapper.framework; name = EventKit.framework; path = System/Library/Frameworks/EventKit.framework; sourceTree = SDKROOT; };
		64B2AA5C1A6784AD00E9BD60 /* EventKitUI.framework */ = {isa = PBXFileReference; lastKnownFileType = wrapper.framework; name = EventKitUI.framework; path = System/Library/Frameworks/EventKitUI.framework; sourceTree = SDKROOT; };
		64B2AA5E1A6784FC00E9BD60 /* CoreTelephony.framework */ = {isa = PBXFileReference; lastKnownFileType = wrapper.framework; name = CoreTelephony.framework; path = System/Library/Frameworks/CoreTelephony.framework; sourceTree = SDKROOT; };
		64BD3B911879325C00A05337 /* Settings.h */ = {isa = PBXFileReference; lastKnownFileType = sourcecode.c.h; name = Settings.h; path = "Radio 7 Pro Core/Class Files/Settings.h"; sourceTree = SOURCE_ROOT; };
		64BD3B9318793A4000A05337 /* Settings.m */ = {isa = PBXFileReference; fileEncoding = 4; lastKnownFileType = sourcecode.c.objc; name = Settings.m; path = "Radio 7 Pro Core/Class Files/Settings.m"; sourceTree = SOURCE_ROOT; };
		64BE601618A7462700699659 /* libxml2.dylib */ = {isa = PBXFileReference; lastKnownFileType = "compiled.mach-o.dylib"; name = libxml2.dylib; path = usr/lib/libxml2.dylib; sourceTree = SDKROOT; };
		64C9A3D41861EE990093D9A8 /* CustomTableCell.xib */ = {isa = PBXFileReference; fileEncoding = 4; lastKnownFileType = file.xib; name = CustomTableCell.xib; path = "Radio 7 Pro Core/Xibs/CustomTableCell.xib"; sourceTree = SOURCE_ROOT; };
		64C9A3D61861EEA70093D9A8 /* CustomTableCell.h */ = {isa = PBXFileReference; fileEncoding = 4; lastKnownFileType = sourcecode.c.h; name = CustomTableCell.h; path = "Radio 7 Pro Core/Class Files/CustomTableCell.h"; sourceTree = SOURCE_ROOT; };
		64C9A3D71861EEA70093D9A8 /* CustomTableCell.m */ = {isa = PBXFileReference; fileEncoding = 4; lastKnownFileType = sourcecode.c.objc; name = CustomTableCell.m; path = "Radio 7 Pro Core/Class Files/CustomTableCell.m"; sourceTree = SOURCE_ROOT; };
		64C9A3D91861F25B0093D9A8 /* ImageIO.framework */ = {isa = PBXFileReference; lastKnownFileType = wrapper.framework; name = ImageIO.framework; path = System/Library/Frameworks/ImageIO.framework; sourceTree = SDKROOT; };
		64C9A3DB1861F2CB0093D9A8 /* MapKit.framework */ = {isa = PBXFileReference; lastKnownFileType = wrapper.framework; name = MapKit.framework; path = System/Library/Frameworks/MapKit.framework; sourceTree = SDKROOT; };
		64D5B9E318AC8CA200C88057 /* M3UParser.h */ = {isa = PBXFileReference; fileEncoding = 4; lastKnownFileType = sourcecode.c.h; path = M3UParser.h; sourceTree = "<group>"; };
		64D5B9E418AC8CA200C88057 /* M3UParser.m */ = {isa = PBXFileReference; fileEncoding = 4; lastKnownFileType = sourcecode.c.objc; path = M3UParser.m; sourceTree = "<group>"; };
		64D5B9E518AC8CA200C88057 /* PlaylistParser.h */ = {isa = PBXFileReference; fileEncoding = 4; lastKnownFileType = sourcecode.c.h; path = PlaylistParser.h; sourceTree = "<group>"; };
		64D5B9E618AC8CA200C88057 /* PLSParser.h */ = {isa = PBXFileReference; fileEncoding = 4; lastKnownFileType = sourcecode.c.h; path = PLSParser.h; sourceTree = "<group>"; };
		64D5B9E718AC8CA200C88057 /* PLSParser.m */ = {isa = PBXFileReference; fileEncoding = 4; lastKnownFileType = sourcecode.c.objc; path = PLSParser.m; sourceTree = "<group>"; };
		64D5B9E818AC8CA200C88057 /* XSPFParser.h */ = {isa = PBXFileReference; fileEncoding = 4; lastKnownFileType = sourcecode.c.h; path = XSPFParser.h; sourceTree = "<group>"; };
		64D5B9E918AC8CA200C88057 /* XSPFParser.m */ = {isa = PBXFileReference; fileEncoding = 4; lastKnownFileType = sourcecode.c.objc; path = XSPFParser.m; sourceTree = "<group>"; };
		64D5B9EB18AC8CA200C88057 /* AudioPacket.h */ = {isa = PBXFileReference; fileEncoding = 4; lastKnownFileType = sourcecode.c.h; path = AudioPacket.h; sourceTree = "<group>"; };
		64D5B9EC18AC8CA200C88057 /* AudioPacket.m */ = {isa = PBXFileReference; fileEncoding = 4; lastKnownFileType = sourcecode.c.objc; path = AudioPacket.m; sourceTree = "<group>"; };
		64D5B9ED18AC8CA200C88057 /* AudioQueue.h */ = {isa = PBXFileReference; fileEncoding = 4; lastKnownFileType = sourcecode.c.h; path = AudioQueue.h; sourceTree = "<group>"; };
		64D5B9EE18AC8CA200C88057 /* AudioQueue.m */ = {isa = PBXFileReference; fileEncoding = 4; lastKnownFileType = sourcecode.c.objc; path = AudioQueue.m; sourceTree = "<group>"; };
		64D5B9EF18AC8CA200C88057 /* Radio.h */ = {isa = PBXFileReference; fileEncoding = 4; lastKnownFileType = sourcecode.c.h; path = Radio.h; sourceTree = "<group>"; };
		64D5B9F018AC8CA200C88057 /* Radio.m */ = {isa = PBXFileReference; fileEncoding = 4; lastKnownFileType = sourcecode.c.objc; path = Radio.m; sourceTree = "<group>"; };
		64D5B9F118AC8CA200C88057 /* Streamer.h */ = {isa = PBXFileReference; fileEncoding = 4; lastKnownFileType = sourcecode.c.h; path = Streamer.h; sourceTree = "<group>"; };
		64D5B9F218AC8CA200C88057 /* Streamer.m */ = {isa = PBXFileReference; fileEncoding = 4; lastKnownFileType = sourcecode.c.objc; path = Streamer.m; sourceTree = "<group>"; };
		64D5B9F418AC8CA200C88057 /* ReachabilityRadioKit.h */ = {isa = PBXFileReference; fileEncoding = 4; lastKnownFileType = sourcecode.c.h; path = ReachabilityRadioKit.h; sourceTree = "<group>"; };
		64D5B9F518AC8CA200C88057 /* ReachabilityRadioKit.m */ = {isa = PBXFileReference; fileEncoding = 4; lastKnownFileType = sourcecode.c.objc; path = ReachabilityRadioKit.m; sourceTree = "<group>"; };
		64D5B9F718AC8CA200C88057 /* NSHTTPURLResponse.h */ = {isa = PBXFileReference; fileEncoding = 4; lastKnownFileType = sourcecode.c.h; path = NSHTTPURLResponse.h; sourceTree = "<group>"; };
		64D5B9F818AC8CA200C88057 /* NSHTTPURLResponse.m */ = {isa = PBXFileReference; fileEncoding = 4; lastKnownFileType = sourcecode.c.objc; path = NSHTTPURLResponse.m; sourceTree = "<group>"; };
		64D5B9F918AC8CA200C88057 /* XMLUtilities.h */ = {isa = PBXFileReference; fileEncoding = 4; lastKnownFileType = sourcecode.c.h; path = XMLUtilities.h; sourceTree = "<group>"; };
		64D5B9FA18AC8CA200C88057 /* XMLUtilities.m */ = {isa = PBXFileReference; fileEncoding = 4; lastKnownFileType = sourcecode.c.objc; path = XMLUtilities.m; sourceTree = "<group>"; };
		64D5BA0618AC8CA800C88057 /* FXImageView.h */ = {isa = PBXFileReference; fileEncoding = 4; lastKnownFileType = sourcecode.c.h; path = FXImageView.h; sourceTree = "<group>"; };
		64D5BA0718AC8CA800C88057 /* FXImageView.m */ = {isa = PBXFileReference; fileEncoding = 4; lastKnownFileType = sourcecode.c.objc; path = FXImageView.m; sourceTree = "<group>"; };
		64D5BA0818AC8CA800C88057 /* UIImage+FX.h */ = {isa = PBXFileReference; fileEncoding = 4; lastKnownFileType = sourcecode.c.h; path = "UIImage+FX.h"; sourceTree = "<group>"; };
		64D5BA0918AC8CA800C88057 /* UIImage+FX.m */ = {isa = PBXFileReference; fileEncoding = 4; lastKnownFileType = sourcecode.c.objc; path = "UIImage+FX.m"; sourceTree = "<group>"; };
		64D5BA0D18AC8CB000C88057 /* UIImageView+LBBlurredImage.h */ = {isa = PBXFileReference; fileEncoding = 4; lastKnownFileType = sourcecode.c.h; path = "UIImageView+LBBlurredImage.h"; sourceTree = "<group>"; };
		64D5BA0E18AC8CB000C88057 /* UIImageView+LBBlurredImage.m */ = {isa = PBXFileReference; fileEncoding = 4; lastKnownFileType = sourcecode.c.objc; path = "UIImageView+LBBlurredImage.m"; sourceTree = "<group>"; };
		64D5BA1318AC8CB700C88057 /* SDImageCache.h */ = {isa = PBXFileReference; fileEncoding = 4; lastKnownFileType = sourcecode.c.h; path = SDImageCache.h; sourceTree = "<group>"; };
		64D5BA1418AC8CB700C88057 /* SDImageCache.m */ = {isa = PBXFileReference; fileEncoding = 4; lastKnownFileType = sourcecode.c.objc; path = SDImageCache.m; sourceTree = "<group>"; };
		64D5BA1518AC8CB700C88057 /* SDImageCacheDelegate.h */ = {isa = PBXFileReference; fileEncoding = 4; lastKnownFileType = sourcecode.c.h; path = SDImageCacheDelegate.h; sourceTree = "<group>"; };
		64D5BA1618AC8CB700C88057 /* SDWebImageCompat.h */ = {isa = PBXFileReference; fileEncoding = 4; lastKnownFileType = sourcecode.c.h; path = SDWebImageCompat.h; sourceTree = "<group>"; };
		64D5BA1718AC8CB700C88057 /* SDWebImageDecoder.h */ = {isa = PBXFileReference; fileEncoding = 4; lastKnownFileType = sourcecode.c.h; path = SDWebImageDecoder.h; sourceTree = "<group>"; };
		64D5BA1818AC8CB700C88057 /* SDWebImageDecoder.m */ = {isa = PBXFileReference; fileEncoding = 4; lastKnownFileType = sourcecode.c.objc; path = SDWebImageDecoder.m; sourceTree = "<group>"; };
		64D5BA1918AC8CB700C88057 /* SDWebImageDownloader.h */ = {isa = PBXFileReference; fileEncoding = 4; lastKnownFileType = sourcecode.c.h; path = SDWebImageDownloader.h; sourceTree = "<group>"; };
		64D5BA1A18AC8CB700C88057 /* SDWebImageDownloader.m */ = {isa = PBXFileReference; fileEncoding = 4; lastKnownFileType = sourcecode.c.objc; path = SDWebImageDownloader.m; sourceTree = "<group>"; };
		64D5BA1B18AC8CB700C88057 /* SDWebImageDownloaderDelegate.h */ = {isa = PBXFileReference; fileEncoding = 4; lastKnownFileType = sourcecode.c.h; path = SDWebImageDownloaderDelegate.h; sourceTree = "<group>"; };
		64D5BA1C18AC8CB700C88057 /* SDWebImageManager.h */ = {isa = PBXFileReference; fileEncoding = 4; lastKnownFileType = sourcecode.c.h; path = SDWebImageManager.h; sourceTree = "<group>"; };
		64D5BA1D18AC8CB700C88057 /* SDWebImageManager.m */ = {isa = PBXFileReference; fileEncoding = 4; lastKnownFileType = sourcecode.c.objc; path = SDWebImageManager.m; sourceTree = "<group>"; };
		64D5BA1E18AC8CB700C88057 /* SDWebImageManagerDelegate.h */ = {isa = PBXFileReference; fileEncoding = 4; lastKnownFileType = sourcecode.c.h; path = SDWebImageManagerDelegate.h; sourceTree = "<group>"; };
		64D5BA1F18AC8CB700C88057 /* SDWebImagePrefetcher.h */ = {isa = PBXFileReference; fileEncoding = 4; lastKnownFileType = sourcecode.c.h; path = SDWebImagePrefetcher.h; sourceTree = "<group>"; };
		64D5BA2018AC8CB700C88057 /* SDWebImagePrefetcher.m */ = {isa = PBXFileReference; fileEncoding = 4; lastKnownFileType = sourcecode.c.objc; path = SDWebImagePrefetcher.m; sourceTree = "<group>"; };
		64D5BA2118AC8CB700C88057 /* UIButton+WebCache.h */ = {isa = PBXFileReference; fileEncoding = 4; lastKnownFileType = sourcecode.c.h; path = "UIButton+WebCache.h"; sourceTree = "<group>"; };
		64D5BA2218AC8CB700C88057 /* UIButton+WebCache.m */ = {isa = PBXFileReference; fileEncoding = 4; lastKnownFileType = sourcecode.c.objc; path = "UIButton+WebCache.m"; sourceTree = "<group>"; };
		64D5BA2318AC8CB700C88057 /* UIImageView+WebCache.h */ = {isa = PBXFileReference; fileEncoding = 4; lastKnownFileType = sourcecode.c.h; path = "UIImageView+WebCache.h"; sourceTree = "<group>"; };
		64D5BA2418AC8CB700C88057 /* UIImageView+WebCache.m */ = {isa = PBXFileReference; fileEncoding = 4; lastKnownFileType = sourcecode.c.objc; path = "UIImageView+WebCache.m"; sourceTree = "<group>"; };
		64E1F3FA18AC8BE50067D297 /* audioplaylistpro.plist */ = {isa = PBXFileReference; fileEncoding = 4; lastKnownFileType = text.plist.xml; name = audioplaylistpro.plist; path = "Radio 7 Pro Core/Database Files/audioplaylistpro.plist"; sourceTree = SOURCE_ROOT; };
		8D1107310486CEB800E47090 /* Info.plist */ = {isa = PBXFileReference; fileEncoding = 4; lastKnownFileType = text.plist.xml; path = Info.plist; sourceTree = "<group>"; };
		FC5697D01F4401A000DA5983 /* ABITunesWrapper.h */ = {isa = PBXFileReference; fileEncoding = 4; lastKnownFileType = sourcecode.c.h; name = ABITunesWrapper.h; path = "Radio 7 Pro Core/Class Files/ABITunesWrapper.h"; sourceTree = SOURCE_ROOT; };
		FC5697D11F4401A000DA5983 /* ABITunesWrapper.m */ = {isa = PBXFileReference; fileEncoding = 4; lastKnownFileType = sourcecode.c.objc; name = ABITunesWrapper.m; path = "Radio 7 Pro Core/Class Files/ABITunesWrapper.m"; sourceTree = SOURCE_ROOT; };
		FCE5ED941F4358DD00621B87 /* Live.png */ = {isa = PBXFileReference; lastKnownFileType = image.png; name = Live.png; path = "Radio 7 Pro Core/Images/Live.png"; sourceTree = SOURCE_ROOT; };
		FCE5ED9A1F43621600621B87 /* Club1.jpg */ = {isa = PBXFileReference; lastKnownFileType = image.jpeg; name = Club1.jpg; path = "Radio 7 Pro Core/Images/Club1.jpg"; sourceTree = SOURCE_ROOT; };
		FCE5ED9B1F43621600621B87 /* ClubOne1.jpg */ = {isa = PBXFileReference; lastKnownFileType = image.jpeg; name = ClubOne1.jpg; path = "Radio 7 Pro Core/Images/ClubOne1.jpg"; sourceTree = SOURCE_ROOT; };
/* End PBXFileReference section */

/* Begin PBXFrameworksBuildPhase section */
		1D60588F0D05DD3D006BFB54 /* Frameworks */ = {
			isa = PBXFrameworksBuildPhase;
			buildActionMask = 2147483647;
			files = (
				641D5F261864C4B600383568 /* AVFoundation.framework in Frameworks */,
				64B2AA5F1A6784FC00E9BD60 /* CoreTelephony.framework in Frameworks */,
				362139491DF6062A0007CC46 /* CoreData.framework in Frameworks */,
				365221661C98BAB50061AD3E /* CoreMotion.framework in Frameworks */,
				3650CCBE25E429C2009684E4 /* PromisesObjC.xcframework in Frameworks */,
				365221641C98BAA60061AD3E /* AdSupport.framework in Frameworks */,
				64205894162CF68300921914 /* AudioToolbox.framework in Frameworks */,
				3650CCC025E429C2009684E4 /* GoogleMobileAds.xcframework in Frameworks */,
				64205898162CF69A00921914 /* CFNetwork.framework in Frameworks */,
				64205890162CF65500921914 /* CoreGraphics.framework in Frameworks */,
				640249A8181B735D00570B74 /* CoreImage.framework in Frameworks */,
				64B2AA5B1A67849400E9BD60 /* EventKit.framework in Frameworks */,
				64B2AA5D1A6784AD00E9BD60 /* EventKitUI.framework in Frameworks */,
				3650CCBD25E429C2009684E4 /* GoogleUtilities.xcframework in Frameworks */,
				6420588C162CF64200921914 /* Foundation.framework in Frameworks */,
				64C9A3DA1861F25B0093D9A8 /* ImageIO.framework in Frameworks */,
				3650CCBF25E429C2009684E4 /* GoogleAppMeasurement.xcframework in Frameworks */,
				64205892162CF67D00921914 /* MediaPlayer.framework in Frameworks */,
				36D069771DECB2C00025B7B7 /* StoreKit.framework in Frameworks */,
				641D5F281864C4C900383568 /* MessageUI.framework in Frameworks */,
				64BE601718A7462700699659 /* libxml2.dylib in Frameworks */,
				3650CCC125E429C2009684E4 /* UserMessagingPlatform.xcframework in Frameworks */,
				64205896162CF68D00921914 /* QuartzCore.framework in Frameworks */,
				6420589A162CF6A900921914 /* SystemConfiguration.framework in Frameworks */,
				36CA85B9232969960074ECF4 /* MediaPlayer.framework in Frameworks */,
				3650CCBC25E429C2009684E4 /* nanopb.xcframework in Frameworks */,
				6420588E162CF64C00921914 /* UIKit.framework in Frameworks */,
			);
			runOnlyForDeploymentPostprocessing = 0;
		};
/* End PBXFrameworksBuildPhase section */

/* Begin PBXGroup section */
		19C28FACFE9D520D11CA2CBB /* Products */ = {
			isa = PBXGroup;
			children = (
				1D6058910D05DD3D006BFB54 /* Radio Play.app */,
			);
			name = Products;
			sourceTree = "<group>";
		};
		29B97314FDCFA39411CA2CEA /* Toolbar */ = {
			isa = PBXGroup;
			children = (
				362304741E21A82500AD6129 /* Radio Play.entitlements */,
				36BA389B1A6861CE00AB7D54 /* Images.xcassets */,
				6464939C183673E30090ADCF /* Radio Play Core */,
				29B97317FDCFA39411CA2CEA /* Other Sources */,
				29B97323FDCFA39411CA2CEA /* Frameworks */,
				19C28FACFE9D520D11CA2CBB /* Products */,
				36608900200A6F6A0020C834 /* Recovered References */,
			);
			name = Toolbar;
			sourceTree = "<group>";
		};
		29B97317FDCFA39411CA2CEA /* Other Sources */ = {
			isa = PBXGroup;
			children = (
				646493FC183674700090ADCF /* App Delegate */,
				64649405183675B80090ADCF /* Main Window */,
				531F16910D63677B003D33FB /* Radio Play_Prefix.pch */,
				29B97316FDCFA39411CA2CEA /* main.m */,
				369052B223B629510059785A /* GoogleService-Info.plist */,
				8D1107310486CEB800E47090 /* Info.plist */,
				3689727C1BB58CF40083AE46 /* InfoPlist.strings */,
			);
			name = "Other Sources";
			sourceTree = "<group>";
		};
		29B97323FDCFA39411CA2CEA /* Frameworks */ = {
			isa = PBXGroup;
			children = (
				3650CCB925E429C2009684E4 /* GoogleAppMeasurement.xcframework */,
				3650CCBA25E429C2009684E4 /* GoogleMobileAds.xcframework */,
				3650CCB725E429C1009684E4 /* GoogleUtilities.xcframework */,
				3650CCB625E429C1009684E4 /* nanopb.xcframework */,
				3650CCB825E429C2009684E4 /* PromisesObjC.xcframework */,
				3650CCBB25E429C2009684E4 /* UserMessagingPlatform.xcframework */,
				362139481DF6062A0007CC46 /* CoreData.framework */,
				36D069761DECB2C00025B7B7 /* StoreKit.framework */,
				365221651C98BAB50061AD3E /* CoreMotion.framework */,
				641D5F211864C47E00383568 /* AdSupport.framework */,
				64205893162CF68300921914 /* AudioToolbox.framework */,
				641D5F251864C4B600383568 /* AVFoundation.framework */,
				64205897162CF69A00921914 /* CFNetwork.framework */,
				6420588F162CF65500921914 /* CoreGraphics.framework */,
				640249A7181B735D00570B74 /* CoreImage.framework */,
				64B2AA5E1A6784FC00E9BD60 /* CoreTelephony.framework */,
				64B2AA5A1A67849400E9BD60 /* EventKit.framework */,
				64B2AA5C1A6784AD00E9BD60 /* EventKitUI.framework */,
				6420588B162CF64200921914 /* Foundation.framework */,
				64C9A3D91861F25B0093D9A8 /* ImageIO.framework */,
				64C9A3DB1861F2CB0093D9A8 /* MapKit.framework */,
				64205891162CF67D00921914 /* MediaPlayer.framework */,
				641D5F271864C4C900383568 /* MessageUI.framework */,
				64BE601618A7462700699659 /* libxml2.dylib */,
				64205895162CF68D00921914 /* QuartzCore.framework */,
				64205899162CF6A900921914 /* SystemConfiguration.framework */,
				6420588D162CF64C00921914 /* UIKit.framework */,
			);
			name = Frameworks;
			sourceTree = "<group>";
		};
		36608900200A6F6A0020C834 /* Recovered References */ = {
			isa = PBXGroup;
			children = (
				36F6E007200A6F1F00C75EA8 /* QuickAction_Station4@3x.png */,
			);
			name = "Recovered References";
			sourceTree = "<group>";
		};
		6464939C183673E30090ADCF /* Radio Play Core */ = {
			isa = PBXGroup;
			children = (
				64BD3B921879326800A05337 /* Settings */,
				6464939D183673E30090ADCF /* Class Files */,
				6464940F1836793A0090ADCF /* Network */,
				646493AA183673E30090ADCF /* Database Files */,
				646493AD183673E30090ADCF /* Images */,
				646493C7183673E30090ADCF /* Vendors */,
				646493D1183673E30090ADCF /* Xibs */,
			);
			name = "Radio Play Core";
			path = "Audio Tunes 7 Core";
			sourceTree = "<group>";
		};
		6464939D183673E30090ADCF /* Class Files */ = {
			isa = PBXGroup;
			children = (
				6464947E1836AD6E0090ADCF /* AutoScrollLabel.h */,
				6464947F1836AD6E0090ADCF /* AutoScrollLabel.m */,
				64C9A3D61861EEA70093D9A8 /* CustomTableCell.h */,
				64C9A3D71861EEA70093D9A8 /* CustomTableCell.m */,
				6464943C1836A0B90090ADCF /* Level1ViewController.h */,
				6464943D1836A0B90090ADCF /* Level1ViewController.m */,
				369D51771DEC9F4700788065 /* PlayerViewController.h */,
				369D51781DEC9F4700788065 /* PlayerViewController.m */,
			);
			path = "Class Files";
			sourceTree = "<group>";
		};
		646493AA183673E30090ADCF /* Database Files */ = {
			isa = PBXGroup;
			children = (
				363694951F1D623500E63895 /* audioplaylistpro_category3.plist */,
				363694941F1D623500E63895 /* audioplaylistpro_category2.plist */,
				363694961F1D623500E63895 /* audioplaylistpro_category1.plist */,
				64E1F3FA18AC8BE50067D297 /* audioplaylistpro.plist */,
				646494791836AD410090ADCF /* PlayerDB.plist */,
			);
			path = "Database Files";
			sourceTree = "<group>";
		};
		646493AD183673E30090ADCF /* Images */ = {
			isa = PBXGroup;
			children = (
				362E44EE232F80150001BA3F /* speaker_high_white@2x.png */,
				362E44ED232F80140001BA3F /* speaker_high_white@3x.png */,
				362E44EC232F80130001BA3F /* speaker_low_white@2x.png */,
				362E44EF232F80160001BA3F /* speaker_low_white@3x.png */,
				362E44E9232E9E740001BA3F /* speaker_high_white.png */,
				362E44E8232E9E730001BA3F /* speaker_low_white.png */,
				36CA85C0232A5FC10074ECF4 /* airplay_white.png */,
				36CA85CE232A63340074ECF4 /* US-UK_Apple_Music_Lockup_RGB_wht.png */,
				36CA85D2232A845A0074ECF4 /* open_website.png */,
				36CA85BB232A5FBC0074ECF4 /* facebook_white.png */,
				36CA85D0232A67BA0074ECF4 /* remove_white.png */,
				36CA85BF232A5FC00074ECF4 /* instagram_white.png */,
				36CA85CC232A609E0074ECF4 /* share_white.png */,
				36CA85BE232A5FBF0074ECF4 /* messenger_white.png */,
				36CA85BD232A5FBE0074ECF4 /* snapchat_white.png */,
				36CA85BC232A5FBD0074ECF4 /* twitter_white.png */,
				36532A4F1DD248AB006FBDA6 /* QuickAction_Station1@2x.png */,
				36532A501DD248AB006FBDA6 /* QuickAction_Station1@3x.png */,
				36532A511DD248AB006FBDA6 /* QuickAction_Station2@2x.png */,
				36532A521DD248AB006FBDA6 /* QuickAction_Station2@3x.png */,
				36E60D711E13DA9B00B3375B /* QuickAction_Station3@2x.png */,
				36E60D721E13DA9B00B3375B /* QuickAction_Station3@3x.png */,
				36F6E004200A6F1E00C75EA8 /* QuickAction_Station4@2x.png */,
				36E60D741E13DA9B00B3375B /* QuickAction_Station4@3x.png */,
				FCE5ED9A1F43621600621B87 /* Club1.jpg */,
				FCE5ED9B1F43621600621B87 /* ClubOne1.jpg */,
				FCE5ED941F4358DD00621B87 /* Live.png */,
				36F6DFFE200A67ED00C75EA8 /* LaunchScreen.png */,
				36F6DFFF200A67EE00C75EA8 /* LaunchScreen@2x.png */,
				36F6E000200A67EE00C75EA8 /* LaunchScreen@3x.png */,
				369D517A1DECA37100788065 /* chat.png */,
				369D517B1DECA37100788065 /* chat@2x.png */,
				369D517C1DECA37100788065 /* chat@3x.png */,
				364892631E0BF55C0079F332 /* share.png */,
				364892641E0BF55C0079F332 /* share@2x.png */,
				364892651E0BF55C0079F332 /* share@3x.png */,
				36532A321DD248AB006FBDA6 /* about.png */,
				36532A331DD248AB006FBDA6 /* about@2x.png */,
				36532A341DD248AB006FBDA6 /* about@3x.png */,
				36532A351DD248AB006FBDA6 /* bufferingbg.png */,
				36532A361DD248AB006FBDA6 /* bufferingbg@2x.png */,
				36532A371DD248AB006FBDA6 /* chevron.png */,
				36532A381DD248AB006FBDA6 /* chevron@2x.png */,
				36532A391DD248AB006FBDA6 /* chevron@3x.png */,
				36532A401DD248AB006FBDA6 /* defaultalbum.png */,
				36532A411DD248AB006FBDA6 /* defaultalbum@2x.png */,
				36532A421DD248AB006FBDA6 /* defaultalbum@3x.png */,
				36532A461DD248AB006FBDA6 /* facebooksel.png */,
				36532A471DD248AB006FBDA6 /* facebooksel@2x.png */,
				36532A481DD248AB006FBDA6 /* facebooksel@3x.png */,
				36532A491DD248AB006FBDA6 /* pausebtn.png */,
				36532A4A1DD248AB006FBDA6 /* pausebtn@2x.png */,
				36532A4B1DD248AB006FBDA6 /* pausebtn@3x.png */,
				36532A4C1DD248AB006FBDA6 /* playbtn.png */,
				36532A4D1DD248AB006FBDA6 /* playbtn@2x.png */,
				36532A4E1DD248AB006FBDA6 /* playbtn@3x.png */,
				36532A531DD248AB006FBDA6 /* radio.png */,
				36532A541DD248AB006FBDA6 /* radio@2x.png */,
				36532A551DD248AB006FBDA6 /* radio@3x.png */,
				36532A561DD248AB006FBDA6 /* slider_ball1.png */,
				36532A571DD248AB006FBDA6 /* slider_ball1@2x.png */,
				36532A581DD248AB006FBDA6 /* slider_ball1@3x.png */,
				36532A5C1DD248AB006FBDA6 /* twittersel.png */,
				36532A5D1DD248AB006FBDA6 /* twittersel@2x.png */,
				36532A5E1DD248AB006FBDA6 /* twittersel@3x.png */,
				36532A5F1DD248AB006FBDA6 /* volume_down.png */,
				36532A601DD248AB006FBDA6 /* volume_down@2x.png */,
				36532A611DD248AB006FBDA6 /* volume_down@3x.png */,
				36532A621DD248AB006FBDA6 /* volume_up.png */,
				36532A631DD248AB006FBDA6 /* volume_up@2x.png */,
				36532A641DD248AB006FBDA6 /* volume_up@3x.png */,
			);
			path = Images;
			sourceTree = "<group>";
		};
		646493C7183673E30090ADCF /* Vendors */ = {
			isa = PBXGroup;
			children = (
				FC5697D31F4401A400DA5983 /* ABITunesWrapper */,
				64D5B9E118AC8CA200C88057 /* AudioStreamer */,
				64D5BA0518AC8CA800C88057 /* FXImageView */,
				64D5BA0C18AC8CB000C88057 /* LBBluredImage */,
				64D5BA1018AC8CB700C88057 /* SDWebImage */,
			);
			path = Vendors;
			sourceTree = "<group>";
		};
		646493D1183673E30090ADCF /* Xibs */ = {
			isa = PBXGroup;
			children = (
				64C9A3D41861EE990093D9A8 /* CustomTableCell.xib */,
				369D51751DEC9F0800788065 /* PlayerViewController.xib */,
			);
			path = Xibs;
			sourceTree = "<group>";
		};
		646493FC183674700090ADCF /* App Delegate */ = {
			isa = PBXGroup;
			children = (
				646493FD183674700090ADCF /* AppDelegate.h */,
				646493FE183674700090ADCF /* AppDelegate.m */,
			);
			path = "App Delegate";
			sourceTree = "<group>";
		};
		64649405183675B80090ADCF /* Main Window */ = {
			isa = PBXGroup;
			children = (
				362883111BDAD1D00053628A /* Launch Screen.storyboard */,
				3663090B1A8BB0920074ACA6 /* MainWindow.xib */,
			);
			name = "Main Window";
			path = "iPhone Main Window";
			sourceTree = "<group>";
		};
		6464940F1836793A0090ADCF /* Network */ = {
			isa = PBXGroup;
			children = (
				646494301836A05D0090ADCF /* Reachability.h */,
				646494311836A05D0090ADCF /* Reachability.m */,
				646494331836A0720090ADCF /* URLCacheAlert.h */,
				646494341836A0720090ADCF /* URLCacheAlert.m */,
				6464942A1836A0200090ADCF /* URLCacheConnection.h */,
				6464942B1836A0200090ADCF /* URLCacheConnection.m */,
			);
			name = Network;
			path = "Class Files";
			sourceTree = "<group>";
		};
		64BD3B921879326800A05337 /* Settings */ = {
			isa = PBXGroup;
			children = (
				64BD3B911879325C00A05337 /* Settings.h */,
				64BD3B9318793A4000A05337 /* Settings.m */,
			);
			name = Settings;
			path = "../App Delegate";
			sourceTree = "<group>";
		};
		64D5B9E118AC8CA200C88057 /* AudioStreamer */ = {
			isa = PBXGroup;
			children = (
				64D5B9E218AC8CA200C88057 /* Parsers */,
				64D5B9EA18AC8CA200C88057 /* Radio */,
				64D5B9F318AC8CA200C88057 /* ReachabilityRadioKit */,
				64D5B9F618AC8CA200C88057 /* Utilities */,
			);
			name = AudioStreamer;
			path = "Radio 7 Pro Core/Vendors/AudioStreamer";
			sourceTree = SOURCE_ROOT;
		};
		64D5B9E218AC8CA200C88057 /* Parsers */ = {
			isa = PBXGroup;
			children = (
				64D5B9E318AC8CA200C88057 /* M3UParser.h */,
				64D5B9E418AC8CA200C88057 /* M3UParser.m */,
				64D5B9E518AC8CA200C88057 /* PlaylistParser.h */,
				64D5B9E618AC8CA200C88057 /* PLSParser.h */,
				64D5B9E718AC8CA200C88057 /* PLSParser.m */,
				64D5B9E818AC8CA200C88057 /* XSPFParser.h */,
				64D5B9E918AC8CA200C88057 /* XSPFParser.m */,
			);
			path = Parsers;
			sourceTree = "<group>";
		};
		64D5B9EA18AC8CA200C88057 /* Radio */ = {
			isa = PBXGroup;
			children = (
				64D5B9EB18AC8CA200C88057 /* AudioPacket.h */,
				64D5B9EC18AC8CA200C88057 /* AudioPacket.m */,
				64D5B9ED18AC8CA200C88057 /* AudioQueue.h */,
				64D5B9EE18AC8CA200C88057 /* AudioQueue.m */,
				64D5B9EF18AC8CA200C88057 /* Radio.h */,
				64D5B9F018AC8CA200C88057 /* Radio.m */,
				64D5B9F118AC8CA200C88057 /* Streamer.h */,
				64D5B9F218AC8CA200C88057 /* Streamer.m */,
			);
			path = Radio;
			sourceTree = "<group>";
		};
		64D5B9F318AC8CA200C88057 /* ReachabilityRadioKit */ = {
			isa = PBXGroup;
			children = (
				64D5B9F418AC8CA200C88057 /* ReachabilityRadioKit.h */,
				64D5B9F518AC8CA200C88057 /* ReachabilityRadioKit.m */,
			);
			path = ReachabilityRadioKit;
			sourceTree = "<group>";
		};
		64D5B9F618AC8CA200C88057 /* Utilities */ = {
			isa = PBXGroup;
			children = (
				64D5B9F718AC8CA200C88057 /* NSHTTPURLResponse.h */,
				64D5B9F818AC8CA200C88057 /* NSHTTPURLResponse.m */,
				64D5B9F918AC8CA200C88057 /* XMLUtilities.h */,
				64D5B9FA18AC8CA200C88057 /* XMLUtilities.m */,
			);
			path = Utilities;
			sourceTree = "<group>";
		};
		64D5BA0518AC8CA800C88057 /* FXImageView */ = {
			isa = PBXGroup;
			children = (
				64D5BA0618AC8CA800C88057 /* FXImageView.h */,
				64D5BA0718AC8CA800C88057 /* FXImageView.m */,
				64D5BA0818AC8CA800C88057 /* UIImage+FX.h */,
				64D5BA0918AC8CA800C88057 /* UIImage+FX.m */,
			);
			name = FXImageView;
			path = "Radio 7 Pro Core/Vendors/FXImageView";
			sourceTree = SOURCE_ROOT;
		};
		64D5BA0C18AC8CB000C88057 /* LBBluredImage */ = {
			isa = PBXGroup;
			children = (
				64D5BA0D18AC8CB000C88057 /* UIImageView+LBBlurredImage.h */,
				64D5BA0E18AC8CB000C88057 /* UIImageView+LBBlurredImage.m */,
			);
			name = LBBluredImage;
			path = "Radio 7 Pro Core/Vendors/LBBluredImage";
			sourceTree = SOURCE_ROOT;
		};
		64D5BA1018AC8CB700C88057 /* SDWebImage */ = {
			isa = PBXGroup;
			children = (
				64D5BA1318AC8CB700C88057 /* SDImageCache.h */,
				64D5BA1418AC8CB700C88057 /* SDImageCache.m */,
				64D5BA1518AC8CB700C88057 /* SDImageCacheDelegate.h */,
				64D5BA1618AC8CB700C88057 /* SDWebImageCompat.h */,
				64D5BA1718AC8CB700C88057 /* SDWebImageDecoder.h */,
				64D5BA1818AC8CB700C88057 /* SDWebImageDecoder.m */,
				64D5BA1918AC8CB700C88057 /* SDWebImageDownloader.h */,
				64D5BA1A18AC8CB700C88057 /* SDWebImageDownloader.m */,
				64D5BA1B18AC8CB700C88057 /* SDWebImageDownloaderDelegate.h */,
				64D5BA1C18AC8CB700C88057 /* SDWebImageManager.h */,
				64D5BA1D18AC8CB700C88057 /* SDWebImageManager.m */,
				64D5BA1E18AC8CB700C88057 /* SDWebImageManagerDelegate.h */,
				64D5BA1F18AC8CB700C88057 /* SDWebImagePrefetcher.h */,
				64D5BA2018AC8CB700C88057 /* SDWebImagePrefetcher.m */,
				64D5BA2118AC8CB700C88057 /* UIButton+WebCache.h */,
				64D5BA2218AC8CB700C88057 /* UIButton+WebCache.m */,
				64D5BA2318AC8CB700C88057 /* UIImageView+WebCache.h */,
				64D5BA2418AC8CB700C88057 /* UIImageView+WebCache.m */,
			);
			name = SDWebImage;
			path = "Radio 7 Pro Core/Vendors/SDWebImage";
			sourceTree = SOURCE_ROOT;
		};
		FC5697D31F4401A400DA5983 /* ABITunesWrapper */ = {
			isa = PBXGroup;
			children = (
				FC5697D01F4401A000DA5983 /* ABITunesWrapper.h */,
				FC5697D11F4401A000DA5983 /* ABITunesWrapper.m */,
			);
			name = ABITunesWrapper;
			sourceTree = "<group>";
		};
/* End PBXGroup section */

/* Begin PBXNativeTarget section */
		1D6058900D05DD3D006BFB54 /* Radio Play */ = {
			isa = PBXNativeTarget;
			buildConfigurationList = 1D6058960D05DD3E006BFB54 /* Build configuration list for PBXNativeTarget "Radio Play" */;
			buildPhases = (
				1D60588D0D05DD3D006BFB54 /* Resources */,
				1D60588E0D05DD3D006BFB54 /* Sources */,
				1D60588F0D05DD3D006BFB54 /* Frameworks */,
			);
			buildRules = (
			);
			dependencies = (
			);
			name = "Radio Play";
			productName = foo;
			productReference = 1D6058910D05DD3D006BFB54 /* Radio Play.app */;
			productType = "com.apple.product-type.application";
		};
/* End PBXNativeTarget section */

/* Begin PBXProject section */
		29B97313FDCFA39411CA2CEA /* Project object */ = {
			isa = PBXProject;
			attributes = {
				KnownAssetTags = (
					facebook,
				);
				LastUpgradeCheck = 0920;
				TargetAttributes = {
					1D6058900D05DD3D006BFB54 = {
						DevelopmentTeam = 8A4M4QND2E;
						ProvisioningStyle = Automatic;
						SystemCapabilities = {
							com.apple.InAppPurchase = {
								enabled = 1;
							};
							com.apple.Push = {
								enabled = 1;
							};
						};
					};
				};
			};
			buildConfigurationList = C01FCF4E08A954540054247B /* Build configuration list for PBXProject "Radio Play" */;
			compatibilityVersion = "Xcode 11.0";
			developmentRegion = en;
			hasScannedForEncodings = 1;
			knownRegions = (
				en,
				da,
				"es-ES",
				es,
				fr,
				ja,
				"zh-Hans",
				"zh-Hant",
				de,
				Base,
			);
			mainGroup = 29B97314FDCFA39411CA2CEA /* Toolbar */;
			projectDirPath = "";
			projectRoot = "";
			targets = (
				1D6058900D05DD3D006BFB54 /* Radio Play */,
			);
		};
/* End PBXProject section */

/* Begin PBXResourcesBuildPhase section */
		1D60588D0D05DD3D006BFB54 /* Resources */ = {
			isa = PBXResourcesBuildPhase;
			buildActionMask = 2147483647;
			files = (
				36532A7D1DD248AB006FBDA6 /* pausebtn@2x.png in Resources */,
				36532A6C1DD248AB006FBDA6 /* chevron@3x.png in Resources */,
				36532A811DD248AB006FBDA6 /* playbtn@3x.png in Resources */,
				36532A901DD248AB006FBDA6 /* twittersel@2x.png in Resources */,
				364892681E0BF55C0079F332 /* share@3x.png in Resources */,
				36CA85C7232A5FC10074ECF4 /* airplay_white.png in Resources */,
				3663090C1A8BB0920074ACA6 /* MainWindow.xib in Resources */,
				363694971F1D623500E63895 /* audioplaylistpro_category2.plist in Resources */,
				362E44EA232E9E740001BA3F /* speaker_low_white.png in Resources */,
				36E60D781E13DA9B00B3375B /* QuickAction_Station4@3x.png in Resources */,
				36532A7C1DD248AB006FBDA6 /* pausebtn.png in Resources */,
				36532A941DD248AB006FBDA6 /* volume_down@3x.png in Resources */,
				36532A7A1DD248AB006FBDA6 /* facebooksel@2x.png in Resources */,
				36CA85C2232A5FC10074ECF4 /* facebook_white.png in Resources */,
				36CA85C3232A5FC10074ECF4 /* twitter_white.png in Resources */,
				36532A911DD248AB006FBDA6 /* twittersel@3x.png in Resources */,
				36532A871DD248AB006FBDA6 /* radio@2x.png in Resources */,
				36532A7F1DD248AB006FBDA6 /* playbtn.png in Resources */,
				362E44F0232F80160001BA3F /* speaker_low_white@2x.png in Resources */,
				36F6E002200A67EE00C75EA8 /* LaunchScreen@2x.png in Resources */,
				36532A891DD248AB006FBDA6 /* slider_ball1.png in Resources */,
				36F6E008200A6F1F00C75EA8 /* QuickAction_Station4@2x.png in Resources */,
				36532A7B1DD248AB006FBDA6 /* facebooksel@3x.png in Resources */,
				64C9A3D51861EE990093D9A8 /* CustomTableCell.xib in Resources */,
				36532A691DD248AB006FBDA6 /* bufferingbg@2x.png in Resources */,
				36532A961DD248AB006FBDA6 /* volume_up@2x.png in Resources */,
				36532A951DD248AB006FBDA6 /* volume_up.png in Resources */,
				36532A821DD248AB006FBDA6 /* QuickAction_Station1@2x.png in Resources */,
				36532A8F1DD248AB006FBDA6 /* twittersel.png in Resources */,
				369D517F1DECA37100788065 /* chat@3x.png in Resources */,
				36532A971DD248AB006FBDA6 /* volume_up@3x.png in Resources */,
				363694981F1D623500E63895 /* audioplaylistpro_category3.plist in Resources */,
				36532A751DD248AB006FBDA6 /* defaultalbum@3x.png in Resources */,
				36F6E00B200A6F1F00C75EA8 /* QuickAction_Station4@3x.png in Resources */,
				36532A921DD248AB006FBDA6 /* volume_down.png in Resources */,
				FCE5ED951F4358DD00621B87 /* Live.png in Resources */,
				369D517D1DECA37100788065 /* chat.png in Resources */,
				36532A841DD248AB006FBDA6 /* QuickAction_Station2@2x.png in Resources */,
				362E44F3232F80160001BA3F /* speaker_low_white@3x.png in Resources */,
				36E60D761E13DA9B00B3375B /* QuickAction_Station3@3x.png in Resources */,
				364892671E0BF55C0079F332 /* share@2x.png in Resources */,
				362E44EB232E9E740001BA3F /* speaker_high_white.png in Resources */,
				36CA85D1232A67BA0074ECF4 /* remove_white.png in Resources */,
				363694991F1D623500E63895 /* audioplaylistpro_category1.plist in Resources */,
				36532A681DD248AB006FBDA6 /* bufferingbg.png in Resources */,
				36532A931DD248AB006FBDA6 /* volume_down@2x.png in Resources */,
				364892661E0BF55C0079F332 /* share.png in Resources */,
				64E1F3FC18AC8BE50067D297 /* audioplaylistpro.plist in Resources */,
				36532A831DD248AB006FBDA6 /* QuickAction_Station1@3x.png in Resources */,
				FCE5ED9D1F43621600621B87 /* ClubOne1.jpg in Resources */,
				362E44F2232F80160001BA3F /* speaker_high_white@2x.png in Resources */,
				36BA389C1A6861CE00AB7D54 /* Images.xcassets in Resources */,
				36532A791DD248AB006FBDA6 /* facebooksel.png in Resources */,
				36E60D751E13DA9B00B3375B /* QuickAction_Station3@2x.png in Resources */,
				36532A7E1DD248AB006FBDA6 /* pausebtn@3x.png in Resources */,
				36CA85CF232A63350074ECF4 /* US-UK_Apple_Music_Lockup_RGB_wht.png in Resources */,
				36532A851DD248AB006FBDA6 /* QuickAction_Station2@3x.png in Resources */,
				362883121BDAD1D00053628A /* Launch Screen.storyboard in Resources */,
				36532A741DD248AB006FBDA6 /* defaultalbum@2x.png in Resources */,
				36532A661DD248AB006FBDA6 /* about@2x.png in Resources */,
				36F6E001200A67EE00C75EA8 /* LaunchScreen.png in Resources */,
				369052B323B629510059785A /* GoogleService-Info.plist in Resources */,
				36532A8B1DD248AB006FBDA6 /* slider_ball1@3x.png in Resources */,
				36532A651DD248AB006FBDA6 /* about.png in Resources */,
				36532A671DD248AB006FBDA6 /* about@3x.png in Resources */,
				36532A6B1DD248AB006FBDA6 /* chevron@2x.png in Resources */,
				36CA85CD232A609E0074ECF4 /* share_white.png in Resources */,
				FCE5ED9C1F43621600621B87 /* Club1.jpg in Resources */,
				362E44F1232F80160001BA3F /* speaker_high_white@3x.png in Resources */,
				36F6E003200A67EE00C75EA8 /* LaunchScreen@3x.png in Resources */,
				36532A731DD248AB006FBDA6 /* defaultalbum.png in Resources */,
				6464947A1836AD410090ADCF /* PlayerDB.plist in Resources */,
				3689727D1BB58CF40083AE46 /* InfoPlist.strings in Resources */,
				36532A6A1DD248AB006FBDA6 /* chevron.png in Resources */,
				36CA85C5232A5FC10074ECF4 /* messenger_white.png in Resources */,
				36CA85C6232A5FC10074ECF4 /* instagram_white.png in Resources */,
				36CA85C4232A5FC10074ECF4 /* snapchat_white.png in Resources */,
				36CA85D3232A845A0074ECF4 /* open_website.png in Resources */,
				36532A8A1DD248AB006FBDA6 /* slider_ball1@2x.png in Resources */,
				36532A881DD248AB006FBDA6 /* radio@3x.png in Resources */,
				36532A861DD248AB006FBDA6 /* radio.png in Resources */,
				36532A801DD248AB006FBDA6 /* playbtn@2x.png in Resources */,
				369D51761DEC9F0800788065 /* PlayerViewController.xib in Resources */,
				369D517E1DECA37100788065 /* chat@2x.png in Resources */,
			);
			runOnlyForDeploymentPostprocessing = 0;
		};
/* End PBXResourcesBuildPhase section */

/* Begin PBXSourcesBuildPhase section */
		1D60588E0D05DD3D006BFB54 /* Sources */ = {
			isa = PBXSourcesBuildPhase;
			buildActionMask = 2147483647;
			files = (
				646493FF183674700090ADCF /* AppDelegate.m in Sources */,
				64D5B9FE18AC8CA200C88057 /* AudioPacket.m in Sources */,
				646494321836A05D0090ADCF /* Reachability.m in Sources */,
				6464942C1836A0200090ADCF /* URLCacheConnection.m in Sources */,
				64D5B9FC18AC8CA200C88057 /* PLSParser.m in Sources */,
				64D5BA2B18AC8CB700C88057 /* UIButton+WebCache.m in Sources */,
				64D5BA2A18AC8CB700C88057 /* SDWebImagePrefetcher.m in Sources */,
				64D5BA0A18AC8CA800C88057 /* FXImageView.m in Sources */,
				64D5BA0318AC8CA200C88057 /* NSHTTPURLResponse.m in Sources */,
				64D5B9FB18AC8CA200C88057 /* M3UParser.m in Sources */,
				64D5BA2718AC8CB700C88057 /* SDWebImageDecoder.m in Sources */,
				64D5BA0F18AC8CB000C88057 /* UIImageView+LBBlurredImage.m in Sources */,
				64D5BA2C18AC8CB700C88057 /* UIImageView+WebCache.m in Sources */,
				64D5BA2918AC8CB700C88057 /* SDWebImageManager.m in Sources */,
				369D51791DEC9F4700788065 /* PlayerViewController.m in Sources */,
				64D5BA0118AC8CA200C88057 /* Streamer.m in Sources */,
				64D5BA0218AC8CA200C88057 /* ReachabilityRadioKit.m in Sources */,
				64D5BA0018AC8CA200C88057 /* Radio.m in Sources */,
				64D5B9FF18AC8CA200C88057 /* AudioQueue.m in Sources */,
				1D60589B0D05DD56006BFB54 /* main.m in Sources */,
				64D5BA0B18AC8CA800C88057 /* UIImage+FX.m in Sources */,
				64D5BA2618AC8CB700C88057 /* SDImageCache.m in Sources */,
				64D5BA0418AC8CA200C88057 /* XMLUtilities.m in Sources */,
				6464943E1836A0B90090ADCF /* Level1ViewController.m in Sources */,
				64D5BA2818AC8CB700C88057 /* SDWebImageDownloader.m in Sources */,
				64C9A3D81861EEA70093D9A8 /* CustomTableCell.m in Sources */,
				646494801836AD6E0090ADCF /* AutoScrollLabel.m in Sources */,
				64BD3B9418793A4000A05337 /* Settings.m in Sources */,
				FC5697D21F4401A000DA5983 /* ABITunesWrapper.m in Sources */,
				646494351836A0720090ADCF /* URLCacheAlert.m in Sources */,
				64D5B9FD18AC8CA200C88057 /* XSPFParser.m in Sources */,
			);
			runOnlyForDeploymentPostprocessing = 0;
		};
/* End PBXSourcesBuildPhase section */

/* Begin XCBuildConfiguration section */
		1D6058940D05DD3E006BFB54 /* Debug */ = {
			isa = XCBuildConfiguration;
			buildSettings = {
				ASSETCATALOG_COMPILER_APPICON_NAME = AppIcon;
				CLANG_ENABLE_MODULES = YES;
				CLANG_ENABLE_OBJC_WEAK = YES;
				CODE_SIGN_ENTITLEMENTS = "Radio Play.entitlements";
				CODE_SIGN_IDENTITY = "iPhone Developer";
				"CODE_SIGN_IDENTITY[sdk=iphoneos*]" = "iPhone Developer";
				COPY_PHASE_STRIP = NO;
				CURRENT_PROJECT_VERSION = 12.2.5.350;
				DEBUG_INFORMATION_FORMAT = "dwarf-with-dsym";
				DEVELOPMENT_TEAM = 8A4M4QND2E;
				ENABLE_BITCODE = NO;
				ENABLE_STRICT_OBJC_MSGSEND = NO;
				FRAMEWORK_SEARCH_PATHS = (
					"$(SRCROOT)/**",
					"$(PROJECT_DIR)/Radio\\ 7\\ Pro\\ Core/Ads",
					"$(PROJECT_DIR)",
					"$(PROJECT_DIR)/Radio\\ 7\\ Pro\\ Core/Ads",
					"$(PROJECT_DIR)/Radio\\ 7\\ Pro\\ Core/Ads",
					"$(PROJECT_DIR)/Radio\\ 7\\ Pro\\ Core/Ads",
					"$(PROJECT_DIR)/Radio\\ 7\\ Pro\\ Core/Ads",
					"$(PROJECT_DIR)/Radio\\ 7\\ Pro\\ Core/Ads",
					"$(PROJECT_DIR)/Radio\\ 7\\ Pro\\ Core/Ads",
					"$(PROJECT_DIR)/Radio\\ 7\\ Pro\\ Core/Ads",
					"$(PROJECT_DIR)/Radio\\ 7\\ Pro\\ Core/Ads",
					"$(PROJECT_DIR)/Radio\\ 7\\ Pro\\ Core/Ads",
					"$(PROJECT_DIR)/Radio\\ 7\\ Pro\\ Core/Ads",
					"$(PROJECT_DIR)/Radio\\ 7\\ Pro\\ Core/Ads",
					"$(PROJECT_DIR)/Radio\\ 7\\ Pro\\ Core/Ads",
					"$(PROJECT_DIR)/Radio\\ 7\\ Pro\\ Core/Ads",
					"$(PROJECT_DIR)/Radio\\ 7\\ Pro\\ Core/Ads",
					"$(PROJECT_DIR)/Radio\\ 7\\ Pro\\ Core/Ads",
				);
				GCC_C_LANGUAGE_STANDARD = c99;
				GCC_DYNAMIC_NO_PIC = NO;
				GCC_OPTIMIZATION_LEVEL = 0;
				GCC_PRECOMPILE_PREFIX_HEADER = YES;
				GCC_PREFIX_HEADER = "Radio Play_Prefix.pch";
				GCC_VERSION = "";
				"GCC_WARN_64_TO_32_BIT_CONVERSION[arch=*64]" = NO;
				GCC_WARN_ABOUT_DEPRECATED_FUNCTIONS = NO;
				GCC_WARN_UNUSED_VARIABLE = NO;
				HEADER_SEARCH_PATHS = (
					"$(inherited)",
					/Applications/Xcode.app/Contents/Developer/Toolchains/XcodeDefault.xctoolchain/usr/include,
					"$(SDKROOT)/usr/include/libxml2",
				);
				INFOPLIST_FILE = Info.plist;
				INSTALL_PATH = /Applications;
				IPHONEOS_DEPLOYMENT_TARGET = 10.0;
				LD_RUNPATH_SEARCH_PATHS = (
					"$(inherited)",
					"@executable_path/Frameworks",
				);
				LIBRARY_SEARCH_PATHS = "\"$(SRCROOT)/Radio 7 Pro Core/Vendors/GoogleAdMobAdsSdk\"";
				MARKETING_VERSION = 9.0;
				ONLY_ACTIVE_ARCH = YES;
				OTHER_LDFLAGS = (
					"-ObjC",
					"-lxml2",
				);
				PRODUCT_BUNDLE_IDENTIFIER = com.ingravity.radiomyme;
				PRODUCT_NAME = "Radio Play";
				PROVISIONING_PROFILE = "";
				"PROVISIONING_PROFILE[sdk=iphoneos*]" = "";
				PROVISIONING_PROFILE_SPECIFIER = "";
				SDKROOT = iphoneos;
				SKIP_INSTALL = YES;
				TARGETED_DEVICE_FAMILY = "1,2";
				VALID_ARCHS = "x86_64 armv7s arm64";
				WRAPPER_EXTENSION = app;
			};
			name = Debug;
		};
		1D6058950D05DD3E006BFB54 /* Release */ = {
			isa = XCBuildConfiguration;
			buildSettings = {
				ASSETCATALOG_COMPILER_APPICON_NAME = AppIcon;
				CLANG_ENABLE_MODULES = YES;
				CLANG_ENABLE_OBJC_WEAK = YES;
				CODE_SIGN_ENTITLEMENTS = "Radio Play.entitlements";
				CODE_SIGN_IDENTITY = "iPhone Developer";
				"CODE_SIGN_IDENTITY[sdk=iphoneos*]" = "iPhone Developer";
				COPY_PHASE_STRIP = YES;
				CURRENT_PROJECT_VERSION = 12.2.5.350;
				DEBUG_INFORMATION_FORMAT = "dwarf-with-dsym";
				DEVELOPMENT_TEAM = 8A4M4QND2E;
				ENABLE_BITCODE = NO;
				ENABLE_STRICT_OBJC_MSGSEND = NO;
				FRAMEWORK_SEARCH_PATHS = (
					"$(SRCROOT)/**",
					"$(PROJECT_DIR)/Radio\\ 7\\ Pro\\ Core/Ads",
					"$(PROJECT_DIR)",
					"$(PROJECT_DIR)/Radio\\ 7\\ Pro\\ Core/Ads",
					"$(PROJECT_DIR)/Radio\\ 7\\ Pro\\ Core/Ads",
					"$(PROJECT_DIR)/Radio\\ 7\\ Pro\\ Core/Ads",
					"$(PROJECT_DIR)/Radio\\ 7\\ Pro\\ Core/Ads",
					"$(PROJECT_DIR)/Radio\\ 7\\ Pro\\ Core/Ads",
					"$(PROJECT_DIR)/Radio\\ 7\\ Pro\\ Core/Ads",
					"$(PROJECT_DIR)/Radio\\ 7\\ Pro\\ Core/Ads",
					"$(PROJECT_DIR)/Radio\\ 7\\ Pro\\ Core/Ads",
					"$(PROJECT_DIR)/Radio\\ 7\\ Pro\\ Core/Ads",
					"$(PROJECT_DIR)/Radio\\ 7\\ Pro\\ Core/Ads",
					"$(PROJECT_DIR)/Radio\\ 7\\ Pro\\ Core/Ads",
					"$(PROJECT_DIR)/Radio\\ 7\\ Pro\\ Core/Ads",
					"$(PROJECT_DIR)/Radio\\ 7\\ Pro\\ Core/Ads",
					"$(PROJECT_DIR)/Radio\\ 7\\ Pro\\ Core/Ads",
					"$(PROJECT_DIR)/Radio\\ 7\\ Pro\\ Core/Ads",
				);
				GCC_C_LANGUAGE_STANDARD = c99;
				GCC_PRECOMPILE_PREFIX_HEADER = YES;
				GCC_PREFIX_HEADER = "Radio Play_Prefix.pch";
				"GCC_WARN_64_TO_32_BIT_CONVERSION[arch=*64]" = NO;
				GCC_WARN_ABOUT_DEPRECATED_FUNCTIONS = NO;
				GCC_WARN_UNUSED_VARIABLE = NO;
				HEADER_SEARCH_PATHS = (
					"$(inherited)",
					/Applications/Xcode.app/Contents/Developer/Toolchains/XcodeDefault.xctoolchain/usr/include,
					"$(SDKROOT)/usr/include/libxml2",
				);
				INFOPLIST_FILE = Info.plist;
				INSTALL_PATH = /Applications;
				IPHONEOS_DEPLOYMENT_TARGET = 10.0;
				LD_RUNPATH_SEARCH_PATHS = (
					"$(inherited)",
					"@executable_path/Frameworks",
				);
				LIBRARY_SEARCH_PATHS = "\"$(SRCROOT)/Radio 7 Pro Core/Vendors/GoogleAdMobAdsSdk\"";
				MARKETING_VERSION = 9.0;
				ONLY_ACTIVE_ARCH = YES;
				OTHER_LDFLAGS = (
					"-ObjC",
					"-lxml2",
				);
				PRODUCT_BUNDLE_IDENTIFIER = com.ingravity.radiomyme;
				PRODUCT_NAME = "Radio Play";
				PROVISIONING_PROFILE = "";
				"PROVISIONING_PROFILE[sdk=iphoneos*]" = "";
				PROVISIONING_PROFILE_SPECIFIER = "";
				SDKROOT = iphoneos;
				TARGETED_DEVICE_FAMILY = "1,2";
				VALID_ARCHS = "x86_64 armv7s arm64";
				WRAPPER_EXTENSION = app;
			};
			name = Release;
		};
		C01FCF4F08A954540054247B /* Debug */ = {
			isa = XCBuildConfiguration;
			buildSettings = {
				ALWAYS_SEARCH_USER_PATHS = NO;
				ENABLE_TESTABILITY = YES;
				GCC_WARN_ABOUT_RETURN_TYPE = YES;
				GCC_WARN_UNUSED_VARIABLE = YES;
				IPHONEOS_DEPLOYMENT_TARGET = 10.0;
				ONLY_ACTIVE_ARCH = YES;
				SDKROOT = iphoneos;
			};
			name = Debug;
		};
		C01FCF5008A954540054247B /* Release */ = {
			isa = XCBuildConfiguration;
			buildSettings = {
				ALWAYS_SEARCH_USER_PATHS = NO;
				GCC_WARN_ABOUT_RETURN_TYPE = YES;
				GCC_WARN_UNUSED_VARIABLE = YES;
				IPHONEOS_DEPLOYMENT_TARGET = 10.0;
				SDKROOT = iphoneos;
			};
			name = Release;
		};
/* End XCBuildConfiguration section */

/* Begin XCConfigurationList section */
		1D6058960D05DD3E006BFB54 /* Build configuration list for PBXNativeTarget "Radio Play" */ = {
			isa = XCConfigurationList;
			buildConfigurations = (
				1D6058940D05DD3E006BFB54 /* Debug */,
				1D6058950D05DD3E006BFB54 /* Release */,
			);
			defaultConfigurationIsVisible = 0;
			defaultConfigurationName = Release;
		};
		C01FCF4E08A954540054247B /* Build configuration list for PBXProject "Radio Play" */ = {
			isa = XCConfigurationList;
			buildConfigurations = (
				C01FCF4F08A954540054247B /* Debug */,
				C01FCF5008A954540054247B /* Release */,
			);
			defaultConfigurationIsVisible = 0;
			defaultConfigurationName = Release;
		};
/* End XCConfigurationList section */
	};
	rootObject = 29B97313FDCFA39411CA2CEA /* Project object */;
}
